// !$*UTF8*$!
{
	archiveVersion = 1;
	classes = {
	};
	objectVersion = 55;
	objects = {

/* Begin PBXBuildFile section */
		04206F87280C43760044F518 /* ViewOnMapController.swift in Sources */ = {isa = PBXBuildFile; fileRef = 04206F86280C43750044F518 /* ViewOnMapController.swift */; };
		04DD469B27A4621200342200 /* AppDelegate.swift in Sources */ = {isa = PBXBuildFile; fileRef = 04DD469A27A4621200342200 /* AppDelegate.swift */; };
		04DD469D27A4621200342200 /* SceneDelegate.swift in Sources */ = {isa = PBXBuildFile; fileRef = 04DD469C27A4621200342200 /* SceneDelegate.swift */; };
		04DD469F27A4621200342200 /* ViewController.swift in Sources */ = {isa = PBXBuildFile; fileRef = 04DD469E27A4621200342200 /* ViewController.swift */; };
		04DD46A727A4621300342200 /* LaunchScreen.storyboard in Resources */ = {isa = PBXBuildFile; fileRef = 04DD46A527A4621300342200 /* LaunchScreen.storyboard */; };
		04DD46B227A4621300342200 /* QuickParkTests.swift in Sources */ = {isa = PBXBuildFile; fileRef = 04DD46B127A4621300342200 /* QuickParkTests.swift */; };
		04DD46BC27A4621300342200 /* QuickParkUITests.swift in Sources */ = {isa = PBXBuildFile; fileRef = 04DD46BB27A4621300342200 /* QuickParkUITests.swift */; };
		04DD46BE27A4621300342200 /* QuickParkUITestsLaunchTests.swift in Sources */ = {isa = PBXBuildFile; fileRef = 04DD46BD27A4621300342200 /* QuickParkUITestsLaunchTests.swift */; };
		1F342B1527A56D6A00493084 /* GoogleService-Info.plist in Resources */ = {isa = PBXBuildFile; fileRef = 1F342B1427A56D6A00493084 /* GoogleService-Info.plist */; };
		1F342B1627A56D6A00493084 /* GoogleService-Info.plist in Resources */ = {isa = PBXBuildFile; fileRef = 1F342B1427A56D6A00493084 /* GoogleService-Info.plist */; };
		1F342B1727A56D6A00493084 /* GoogleService-Info.plist in Resources */ = {isa = PBXBuildFile; fileRef = 1F342B1427A56D6A00493084 /* GoogleService-Info.plist */; };
		1F3C553627F630C600E8A7EC /* VCChatRoster.swift in Sources */ = {isa = PBXBuildFile; fileRef = 1F3C553527F630C600E8A7EC /* VCChatRoster.swift */; };
		1FE81F6527EB381D00F8D142 /* AdminEditAreaVC.swift in Sources */ = {isa = PBXBuildFile; fileRef = 1FE81F6427EB381D00F8D142 /* AdminEditAreaVC.swift */; };
		1FE81F6727EB38E800F8D142 /* AdminCustomCell.swift in Sources */ = {isa = PBXBuildFile; fileRef = 1FE81F6627EB38E800F8D142 /* AdminCustomCell.swift */; };
		1FE81F6927EB390D00F8D142 /* DataManager.swift in Sources */ = {isa = PBXBuildFile; fileRef = 1FE81F6827EB390D00F8D142 /* DataManager.swift */; };
		1FE81F6B27EB393800F8D142 /* BiggerMapView.swift in Sources */ = {isa = PBXBuildFile; fileRef = 1FE81F6A27EB393800F8D142 /* BiggerMapView.swift */; };
		1FE81F6D27EB395800F8D142 /* LocationSearchTable.swift in Sources */ = {isa = PBXBuildFile; fileRef = 1FE81F6C27EB395800F8D142 /* LocationSearchTable.swift */; };
		1FE81F6F27EB3AC600F8D142 /* HowToViewController.swift in Sources */ = {isa = PBXBuildFile; fileRef = 1FE81F6E27EB3AC600F8D142 /* HowToViewController.swift */; };
		22035F9E27B6AD6800D1A3B5 /* Assets.xcassets in Resources */ = {isa = PBXBuildFile; fileRef = 22035F9D27B6AD6700D1A3B5 /* Assets.xcassets */; };
		22035FA027B6B24E00D1A3B5 /* TVCResetPassword.swift in Sources */ = {isa = PBXBuildFile; fileRef = 22035F9F27B6B24E00D1A3B5 /* TVCResetPassword.swift */; };
		22035FA227BB724600D1A3B5 /* FBSupport.swift in Sources */ = {isa = PBXBuildFile; fileRef = 22035FA127BB724600D1A3B5 /* FBSupport.swift */; };
		22035FA727BB74AD00D1A3B5 /* Auth.storyboard in Resources */ = {isa = PBXBuildFile; fileRef = 22035FA627BB74AD00D1A3B5 /* Auth.storyboard */; };
		22035FA927BB75B500D1A3B5 /* SBSupport.swift in Sources */ = {isa = PBXBuildFile; fileRef = 22035FA827BB75B500D1A3B5 /* SBSupport.swift */; };
		22035FAB27BBCF2300D1A3B5 /* Profile.swift in Sources */ = {isa = PBXBuildFile; fileRef = 22035FAA27BBCF2300D1A3B5 /* Profile.swift */; };
		2228409827F38EF800FE2E5C /* Chat.storyboard in Resources */ = {isa = PBXBuildFile; fileRef = 2228409727F38EF800FE2E5C /* Chat.storyboard */; };
		222840A127F392F000FE2E5C /* VCChat.swift in Sources */ = {isa = PBXBuildFile; fileRef = 2228409D27F392F000FE2E5C /* VCChat.swift */; };
		225AB84827C7A75A003D4253 /* UserProfileViewController.swift in Sources */ = {isa = PBXBuildFile; fileRef = 225AB84727C7A759003D4253 /* UserProfileViewController.swift */; };
		225AB85027C7A7C1003D4253 /* OnboardingViewController.swift in Sources */ = {isa = PBXBuildFile; fileRef = 225AB84D27C7A7C1003D4253 /* OnboardingViewController.swift */; };
		225AB85127C7A7C1003D4253 /* OnboardingSlide.swift in Sources */ = {isa = PBXBuildFile; fileRef = 225AB84E27C7A7C1003D4253 /* OnboardingSlide.swift */; };
		225AB85227C7A7C1003D4253 /* OnboardingCollectionViewCell.swift in Sources */ = {isa = PBXBuildFile; fileRef = 225AB84F27C7A7C1003D4253 /* OnboardingCollectionViewCell.swift */; };
		225AB85627C7A806003D4253 /* UIView+Extension.swift in Sources */ = {isa = PBXBuildFile; fileRef = 225AB85327C7A805003D4253 /* UIView+Extension.swift */; };
		225AB85727C7A806003D4253 /* UIViewController+Extension.swift in Sources */ = {isa = PBXBuildFile; fileRef = 225AB85427C7A805003D4253 /* UIViewController+Extension.swift */; };
		225AB85827C7A806003D4253 /* UserDefaults+Extension.swift in Sources */ = {isa = PBXBuildFile; fileRef = 225AB85527C7A806003D4253 /* UserDefaults+Extension.swift */; };
		225AB85D27C7B3FA003D4253 /* CustomCell.swift in Sources */ = {isa = PBXBuildFile; fileRef = 225AB85927C7B3FA003D4253 /* CustomCell.swift */; };
		225AB85E27C7B3FA003D4253 /* AdminHomeListVC.swift in Sources */ = {isa = PBXBuildFile; fileRef = 225AB85A27C7B3FA003D4253 /* AdminHomeListVC.swift */; };
		225AB85F27C7B3FA003D4253 /* QPVCTabBar.swift in Sources */ = {isa = PBXBuildFile; fileRef = 225AB85B27C7B3FA003D4253 /* QPVCTabBar.swift */; };
		225AB86027C7B3FA003D4253 /* FirebaseManager.swift in Sources */ = {isa = PBXBuildFile; fileRef = 225AB85C27C7B3FA003D4253 /* FirebaseManager.swift */; };
		225AB86227C7B41C003D4253 /* AddAreaViewController.swift in Sources */ = {isa = PBXBuildFile; fileRef = 225AB86127C7B41B003D4253 /* AddAreaViewController.swift */; };
		225AB86A27C7B796003D4253 /* AdminMain.storyboard in Resources */ = {isa = PBXBuildFile; fileRef = 225AB86827C7B796003D4253 /* AdminMain.storyboard */; };
		226C1D0427BE682400D11E24 /* VCMore.swift in Sources */ = {isa = PBXBuildFile; fileRef = 226C1D0327BE682400D11E24 /* VCMore.swift */; };
		226C1D1327BE85A800D11E24 /* ReservationCell.swift in Sources */ = {isa = PBXBuildFile; fileRef = 226C1D0827BE85A800D11E24 /* ReservationCell.swift */; };
		226C1D1427BE85A800D11E24 /* PastTableViewCell.swift in Sources */ = {isa = PBXBuildFile; fileRef = 226C1D0927BE85A800D11E24 /* PastTableViewCell.swift */; };
		226C1D1627BE85A800D11E24 /* ConfirmAndPay.swift in Sources */ = {isa = PBXBuildFile; fileRef = 226C1D0B27BE85A800D11E24 /* ConfirmAndPay.swift */; };
		226C1D1927BE85A800D11E24 /* Reservation.swift in Sources */ = {isa = PBXBuildFile; fileRef = 226C1D0E27BE85A800D11E24 /* Reservation.swift */; };
		226C1D1A27BE85A800D11E24 /* QRCodeVC.swift in Sources */ = {isa = PBXBuildFile; fileRef = 226C1D0F27BE85A800D11E24 /* QRCodeVC.swift */; };
		226C1D1B27BE85A800D11E24 /* MyParkingsVC.swift in Sources */ = {isa = PBXBuildFile; fileRef = 226C1D1027BE85A800D11E24 /* MyParkingsVC.swift */; };
		226C1D1C27BE85A800D11E24 /* Areas.swift in Sources */ = {isa = PBXBuildFile; fileRef = 226C1D1127BE85A800D11E24 /* Areas.swift */; };
		226C1D1F27BE85B700D11E24 /* Main.storyboard in Resources */ = {isa = PBXBuildFile; fileRef = 226C1D1D27BE85B700D11E24 /* Main.storyboard */; };
		2272433327C8CD3900A35AF3 /* EnterParkingVC.swift in Sources */ = {isa = PBXBuildFile; fileRef = 2272432D27C8CD3800A35AF3 /* EnterParkingVC.swift */; };
		2272433427C8CD3900A35AF3 /* CountdownParkingVC.swift in Sources */ = {isa = PBXBuildFile; fileRef = 2272432E27C8CD3800A35AF3 /* CountdownParkingVC.swift */; };
		2272433527C8CD3900A35AF3 /* PayAbleViewController.swift in Sources */ = {isa = PBXBuildFile; fileRef = 2272432F27C8CD3800A35AF3 /* PayAbleViewController.swift */; };
		2272433627C8CD3900A35AF3 /* VCAdminMore.swift in Sources */ = {isa = PBXBuildFile; fileRef = 2272433027C8CD3800A35AF3 /* VCAdminMore.swift */; };
		2272433727C8CD3900A35AF3 /* Constants.swift in Sources */ = {isa = PBXBuildFile; fileRef = 2272433127C8CD3800A35AF3 /* Constants.swift */; };
		2272433B27C8CD6B00A35AF3 /* Utilities.swift in Sources */ = {isa = PBXBuildFile; fileRef = 2272433927C8CD6B00A35AF3 /* Utilities.swift */; };
		2272433C27C8CD6B00A35AF3 /* Loader.swift in Sources */ = {isa = PBXBuildFile; fileRef = 2272433A27C8CD6B00A35AF3 /* Loader.swift */; };
		22825ADC27CA0625002F49A0 /* QPAlert.swift in Sources */ = {isa = PBXBuildFile; fileRef = 22825ADB27CA0625002F49A0 /* QPAlert.swift */; };
		2291945C27E9FCEF00E78016 /* QPLNSuport.swift in Sources */ = {isa = PBXBuildFile; fileRef = 2291945B27E9FCEF00E78016 /* QPLNSuport.swift */; };
		2291945E27E9FE0300E78016 /* HideViews.swift in Sources */ = {isa = PBXBuildFile; fileRef = 2291945D27E9FE0300E78016 /* HideViews.swift */; };
		22A0757127A925DC00658889 /* RegViewController.swift in Sources */ = {isa = PBXBuildFile; fileRef = 22A0757027A925DC00658889 /* RegViewController.swift */; };
		22A0757327A9260500658889 /* LogViewController.swift in Sources */ = {isa = PBXBuildFile; fileRef = 22A0757227A9260500658889 /* LogViewController.swift */; };
		22A0757527A9261E00658889 /* HomePageViewController.swift in Sources */ = {isa = PBXBuildFile; fileRef = 22A0757427A9261E00658889 /* HomePageViewController.swift */; };
		22C1C4CB27B6993A00866DA4 /* TermsViewController.swift in Sources */ = {isa = PBXBuildFile; fileRef = 22C1C4CA27B6993A00866DA4 /* TermsViewController.swift */; };
		22D7793C27C90E7B00BC4677 /* Misclenious.storyboard in Resources */ = {isa = PBXBuildFile; fileRef = 22D7793B27C90E7B00BC4677 /* Misclenious.storyboard */; };
		22EC709A27FF7A65005438BC /* FBImageSupport.swift in Sources */ = {isa = PBXBuildFile; fileRef = 22EC709927FF7A65005438BC /* FBImageSupport.swift */; };
		22EC709C27FF81DC005438BC /* ReservationDetailsVC.swift in Sources */ = {isa = PBXBuildFile; fileRef = 22EC709B27FF81DB005438BC /* ReservationDetailsVC.swift */; };
		3BD1D4DDEFF9F67B7372195A /* Pods_QuickPark.framework in Frameworks */ = {isa = PBXBuildFile; fileRef = 4A00A6A2B387B56D3904BD93 /* Pods_QuickPark.framework */; };
		7132474827F7BCD900FC1F66 /* PNSender.swift in Sources */ = {isa = PBXBuildFile; fileRef = 7132474727F7BCD900FC1F66 /* PNSender.swift */; };
		7132474A27F7BDD900FC1F66 /* PNManager.swift in Sources */ = {isa = PBXBuildFile; fileRef = 7132474927F7BDD900FC1F66 /* PNManager.swift */; };
		951624D427E51B2000CA4675 /* ChangePasswordVC.swift in Sources */ = {isa = PBXBuildFile; fileRef = 951624D327E51B2000CA4675 /* ChangePasswordVC.swift */; };
		95CED68527DD04D800223275 /* UIImage+Extension.swift in Sources */ = {isa = PBXBuildFile; fileRef = 95CED68427DD04D800223275 /* UIImage+Extension.swift */; };
		D059121AA59CF4450ACB2FB6 /* Pods_QuickPark_QuickParkTests.framework in Frameworks */ = {isa = PBXBuildFile; fileRef = 3B2E8B9214F8CFF56EFAB53E /* Pods_QuickPark_QuickParkTests.framework */; };
		ED08CCF069A3B5E6753C5BDD /* Pods_QuickPark_QuickParkUITests.framework in Frameworks */ = {isa = PBXBuildFile; fileRef = F175DF20F53E8ED5BD468F26 /* Pods_QuickPark_QuickParkUITests.framework */; };
/* End PBXBuildFile section */

/* Begin PBXContainerItemProxy section */
		04DD46AE27A4621300342200 /* PBXContainerItemProxy */ = {
			isa = PBXContainerItemProxy;
			containerPortal = 04DD468F27A4621200342200 /* Project object */;
			proxyType = 1;
			remoteGlobalIDString = 04DD469627A4621200342200;
			remoteInfo = QuickPark;
		};
		04DD46B827A4621300342200 /* PBXContainerItemProxy */ = {
			isa = PBXContainerItemProxy;
			containerPortal = 04DD468F27A4621200342200 /* Project object */;
			proxyType = 1;
			remoteGlobalIDString = 04DD469627A4621200342200;
			remoteInfo = QuickPark;
		};
/* End PBXContainerItemProxy section */

/* Begin PBXFileReference section */
		04206F86280C43750044F518 /* ViewOnMapController.swift */ = {isa = PBXFileReference; lastKnownFileType = sourcecode.swift; path = ViewOnMapController.swift; sourceTree = "<group>"; };
		04DD469727A4621200342200 /* QuickPark.app */ = {isa = PBXFileReference; explicitFileType = wrapper.application; includeInIndex = 0; path = QuickPark.app; sourceTree = BUILT_PRODUCTS_DIR; };
		04DD469A27A4621200342200 /* AppDelegate.swift */ = {isa = PBXFileReference; lastKnownFileType = sourcecode.swift; path = AppDelegate.swift; sourceTree = "<group>"; };
		04DD469C27A4621200342200 /* SceneDelegate.swift */ = {isa = PBXFileReference; lastKnownFileType = sourcecode.swift; path = SceneDelegate.swift; sourceTree = "<group>"; };
		04DD469E27A4621200342200 /* ViewController.swift */ = {isa = PBXFileReference; lastKnownFileType = sourcecode.swift; path = ViewController.swift; sourceTree = "<group>"; };
		04DD46A627A4621300342200 /* Base */ = {isa = PBXFileReference; lastKnownFileType = file.storyboard; name = Base; path = Base.lproj/LaunchScreen.storyboard; sourceTree = "<group>"; };
		04DD46A827A4621300342200 /* Info.plist */ = {isa = PBXFileReference; lastKnownFileType = text.plist.xml; path = Info.plist; sourceTree = "<group>"; };
		04DD46AD27A4621300342200 /* QuickParkTests.xctest */ = {isa = PBXFileReference; explicitFileType = wrapper.cfbundle; includeInIndex = 0; path = QuickParkTests.xctest; sourceTree = BUILT_PRODUCTS_DIR; };
		04DD46B127A4621300342200 /* QuickParkTests.swift */ = {isa = PBXFileReference; lastKnownFileType = sourcecode.swift; path = QuickParkTests.swift; sourceTree = "<group>"; };
		04DD46B727A4621300342200 /* QuickParkUITests.xctest */ = {isa = PBXFileReference; explicitFileType = wrapper.cfbundle; includeInIndex = 0; path = QuickParkUITests.xctest; sourceTree = BUILT_PRODUCTS_DIR; };
		04DD46BB27A4621300342200 /* QuickParkUITests.swift */ = {isa = PBXFileReference; lastKnownFileType = sourcecode.swift; path = QuickParkUITests.swift; sourceTree = "<group>"; };
		04DD46BD27A4621300342200 /* QuickParkUITestsLaunchTests.swift */ = {isa = PBXFileReference; lastKnownFileType = sourcecode.swift; path = QuickParkUITestsLaunchTests.swift; sourceTree = "<group>"; };
		1F342B1427A56D6A00493084 /* GoogleService-Info.plist */ = {isa = PBXFileReference; fileEncoding = 4; lastKnownFileType = text.plist.xml; path = "GoogleService-Info.plist"; sourceTree = "<group>"; };
		1F3C553427F626AB00E8A7EC /* QuickPark.entitlements */ = {isa = PBXFileReference; lastKnownFileType = text.plist.entitlements; path = QuickPark.entitlements; sourceTree = "<group>"; };
		1F3C553527F630C600E8A7EC /* VCChatRoster.swift */ = {isa = PBXFileReference; lastKnownFileType = sourcecode.swift; path = VCChatRoster.swift; sourceTree = "<group>"; };
		1FE81F6427EB381D00F8D142 /* AdminEditAreaVC.swift */ = {isa = PBXFileReference; lastKnownFileType = sourcecode.swift; path = AdminEditAreaVC.swift; sourceTree = "<group>"; };
		1FE81F6627EB38E800F8D142 /* AdminCustomCell.swift */ = {isa = PBXFileReference; lastKnownFileType = sourcecode.swift; path = AdminCustomCell.swift; sourceTree = "<group>"; };
		1FE81F6827EB390D00F8D142 /* DataManager.swift */ = {isa = PBXFileReference; lastKnownFileType = sourcecode.swift; path = DataManager.swift; sourceTree = "<group>"; };
		1FE81F6A27EB393800F8D142 /* BiggerMapView.swift */ = {isa = PBXFileReference; lastKnownFileType = sourcecode.swift; path = BiggerMapView.swift; sourceTree = "<group>"; };
		1FE81F6C27EB395800F8D142 /* LocationSearchTable.swift */ = {isa = PBXFileReference; lastKnownFileType = sourcecode.swift; path = LocationSearchTable.swift; sourceTree = "<group>"; };
		1FE81F6E27EB3AC600F8D142 /* HowToViewController.swift */ = {isa = PBXFileReference; lastKnownFileType = sourcecode.swift; path = HowToViewController.swift; sourceTree = "<group>"; };
		22035F9D27B6AD6700D1A3B5 /* Assets.xcassets */ = {isa = PBXFileReference; lastKnownFileType = folder.assetcatalog; path = Assets.xcassets; sourceTree = "<group>"; };
		22035F9F27B6B24E00D1A3B5 /* TVCResetPassword.swift */ = {isa = PBXFileReference; lastKnownFileType = sourcecode.swift; path = TVCResetPassword.swift; sourceTree = "<group>"; };
		22035FA127BB724600D1A3B5 /* FBSupport.swift */ = {isa = PBXFileReference; lastKnownFileType = sourcecode.swift; path = FBSupport.swift; sourceTree = "<group>"; };
		22035FA627BB74AD00D1A3B5 /* Auth.storyboard */ = {isa = PBXFileReference; lastKnownFileType = file.storyboard; path = Auth.storyboard; sourceTree = "<group>"; };
		22035FA827BB75B500D1A3B5 /* SBSupport.swift */ = {isa = PBXFileReference; lastKnownFileType = sourcecode.swift; path = SBSupport.swift; sourceTree = "<group>"; };
		22035FAA27BBCF2300D1A3B5 /* Profile.swift */ = {isa = PBXFileReference; lastKnownFileType = sourcecode.swift; path = Profile.swift; sourceTree = "<group>"; };
		2228409727F38EF800FE2E5C /* Chat.storyboard */ = {isa = PBXFileReference; lastKnownFileType = file.storyboard; path = Chat.storyboard; sourceTree = "<group>"; };
		2228409D27F392F000FE2E5C /* VCChat.swift */ = {isa = PBXFileReference; fileEncoding = 4; lastKnownFileType = sourcecode.swift; path = VCChat.swift; sourceTree = "<group>"; };
		225AB84727C7A759003D4253 /* UserProfileViewController.swift */ = {isa = PBXFileReference; fileEncoding = 4; lastKnownFileType = sourcecode.swift; path = UserProfileViewController.swift; sourceTree = "<group>"; };
		225AB84D27C7A7C1003D4253 /* OnboardingViewController.swift */ = {isa = PBXFileReference; fileEncoding = 4; lastKnownFileType = sourcecode.swift; path = OnboardingViewController.swift; sourceTree = "<group>"; };
		225AB84E27C7A7C1003D4253 /* OnboardingSlide.swift */ = {isa = PBXFileReference; fileEncoding = 4; lastKnownFileType = sourcecode.swift; path = OnboardingSlide.swift; sourceTree = "<group>"; };
		225AB84F27C7A7C1003D4253 /* OnboardingCollectionViewCell.swift */ = {isa = PBXFileReference; fileEncoding = 4; lastKnownFileType = sourcecode.swift; path = OnboardingCollectionViewCell.swift; sourceTree = "<group>"; };
		225AB85327C7A805003D4253 /* UIView+Extension.swift */ = {isa = PBXFileReference; fileEncoding = 4; lastKnownFileType = sourcecode.swift; path = "UIView+Extension.swift"; sourceTree = "<group>"; };
		225AB85427C7A805003D4253 /* UIViewController+Extension.swift */ = {isa = PBXFileReference; fileEncoding = 4; lastKnownFileType = sourcecode.swift; path = "UIViewController+Extension.swift"; sourceTree = "<group>"; };
		225AB85527C7A806003D4253 /* UserDefaults+Extension.swift */ = {isa = PBXFileReference; fileEncoding = 4; lastKnownFileType = sourcecode.swift; path = "UserDefaults+Extension.swift"; sourceTree = "<group>"; };
		225AB85927C7B3FA003D4253 /* CustomCell.swift */ = {isa = PBXFileReference; fileEncoding = 4; lastKnownFileType = sourcecode.swift; path = CustomCell.swift; sourceTree = "<group>"; };
		225AB85A27C7B3FA003D4253 /* AdminHomeListVC.swift */ = {isa = PBXFileReference; fileEncoding = 4; lastKnownFileType = sourcecode.swift; path = AdminHomeListVC.swift; sourceTree = "<group>"; };
		225AB85B27C7B3FA003D4253 /* QPVCTabBar.swift */ = {isa = PBXFileReference; fileEncoding = 4; lastKnownFileType = sourcecode.swift; path = QPVCTabBar.swift; sourceTree = "<group>"; };
		225AB85C27C7B3FA003D4253 /* FirebaseManager.swift */ = {isa = PBXFileReference; fileEncoding = 4; lastKnownFileType = sourcecode.swift; path = FirebaseManager.swift; sourceTree = "<group>"; };
		225AB86127C7B41B003D4253 /* AddAreaViewController.swift */ = {isa = PBXFileReference; fileEncoding = 4; lastKnownFileType = sourcecode.swift; path = AddAreaViewController.swift; sourceTree = "<group>"; };
		225AB86927C7B796003D4253 /* Base */ = {isa = PBXFileReference; lastKnownFileType = file.storyboard; name = Base; path = QuickPark/View/Base.lproj/AdminMain.storyboard; sourceTree = "<group>"; };
		226C1D0327BE682400D11E24 /* VCMore.swift */ = {isa = PBXFileReference; lastKnownFileType = sourcecode.swift; path = VCMore.swift; sourceTree = "<group>"; };
		226C1D0827BE85A800D11E24 /* ReservationCell.swift */ = {isa = PBXFileReference; fileEncoding = 4; lastKnownFileType = sourcecode.swift; path = ReservationCell.swift; sourceTree = "<group>"; };
		226C1D0927BE85A800D11E24 /* PastTableViewCell.swift */ = {isa = PBXFileReference; fileEncoding = 4; lastKnownFileType = sourcecode.swift; path = PastTableViewCell.swift; sourceTree = "<group>"; };
		226C1D0B27BE85A800D11E24 /* ConfirmAndPay.swift */ = {isa = PBXFileReference; fileEncoding = 4; lastKnownFileType = sourcecode.swift; path = ConfirmAndPay.swift; sourceTree = "<group>"; };
		226C1D0E27BE85A800D11E24 /* Reservation.swift */ = {isa = PBXFileReference; fileEncoding = 4; lastKnownFileType = sourcecode.swift; path = Reservation.swift; sourceTree = "<group>"; };
		226C1D0F27BE85A800D11E24 /* QRCodeVC.swift */ = {isa = PBXFileReference; fileEncoding = 4; lastKnownFileType = sourcecode.swift; path = QRCodeVC.swift; sourceTree = "<group>"; };
		226C1D1027BE85A800D11E24 /* MyParkingsVC.swift */ = {isa = PBXFileReference; fileEncoding = 4; lastKnownFileType = sourcecode.swift; path = MyParkingsVC.swift; sourceTree = "<group>"; };
		226C1D1127BE85A800D11E24 /* Areas.swift */ = {isa = PBXFileReference; fileEncoding = 4; lastKnownFileType = sourcecode.swift; path = Areas.swift; sourceTree = "<group>"; };
		226C1D1E27BE85B700D11E24 /* Base */ = {isa = PBXFileReference; lastKnownFileType = file.storyboard; name = Base; path = Base.lproj/Main.storyboard; sourceTree = "<group>"; };
		2272432D27C8CD3800A35AF3 /* EnterParkingVC.swift */ = {isa = PBXFileReference; fileEncoding = 4; lastKnownFileType = sourcecode.swift; path = EnterParkingVC.swift; sourceTree = "<group>"; };
		2272432E27C8CD3800A35AF3 /* CountdownParkingVC.swift */ = {isa = PBXFileReference; fileEncoding = 4; lastKnownFileType = sourcecode.swift; path = CountdownParkingVC.swift; sourceTree = "<group>"; };
		2272432F27C8CD3800A35AF3 /* PayAbleViewController.swift */ = {isa = PBXFileReference; fileEncoding = 4; lastKnownFileType = sourcecode.swift; path = PayAbleViewController.swift; sourceTree = "<group>"; };
		2272433027C8CD3800A35AF3 /* VCAdminMore.swift */ = {isa = PBXFileReference; fileEncoding = 4; lastKnownFileType = sourcecode.swift; path = VCAdminMore.swift; sourceTree = "<group>"; };
		2272433127C8CD3800A35AF3 /* Constants.swift */ = {isa = PBXFileReference; fileEncoding = 4; lastKnownFileType = sourcecode.swift; path = Constants.swift; sourceTree = "<group>"; };
		2272433927C8CD6B00A35AF3 /* Utilities.swift */ = {isa = PBXFileReference; fileEncoding = 4; lastKnownFileType = sourcecode.swift; path = Utilities.swift; sourceTree = "<group>"; };
		2272433A27C8CD6B00A35AF3 /* Loader.swift */ = {isa = PBXFileReference; fileEncoding = 4; lastKnownFileType = sourcecode.swift; path = Loader.swift; sourceTree = "<group>"; };
		22825ADB27CA0625002F49A0 /* QPAlert.swift */ = {isa = PBXFileReference; lastKnownFileType = sourcecode.swift; path = QPAlert.swift; sourceTree = "<group>"; };
		2291945B27E9FCEF00E78016 /* QPLNSuport.swift */ = {isa = PBXFileReference; fileEncoding = 4; lastKnownFileType = sourcecode.swift; path = QPLNSuport.swift; sourceTree = "<group>"; };
		2291945D27E9FE0300E78016 /* HideViews.swift */ = {isa = PBXFileReference; fileEncoding = 4; lastKnownFileType = sourcecode.swift; path = HideViews.swift; sourceTree = "<group>"; };
		22A0757027A925DC00658889 /* RegViewController.swift */ = {isa = PBXFileReference; lastKnownFileType = sourcecode.swift; path = RegViewController.swift; sourceTree = "<group>"; };
		22A0757227A9260500658889 /* LogViewController.swift */ = {isa = PBXFileReference; lastKnownFileType = sourcecode.swift; path = LogViewController.swift; sourceTree = "<group>"; };
		22A0757427A9261E00658889 /* HomePageViewController.swift */ = {isa = PBXFileReference; lastKnownFileType = sourcecode.swift; path = HomePageViewController.swift; sourceTree = "<group>"; };
		22C1C4CA27B6993A00866DA4 /* TermsViewController.swift */ = {isa = PBXFileReference; lastKnownFileType = sourcecode.swift; path = TermsViewController.swift; sourceTree = "<group>"; };
		22D7793B27C90E7B00BC4677 /* Misclenious.storyboard */ = {isa = PBXFileReference; lastKnownFileType = file.storyboard; path = Misclenious.storyboard; sourceTree = "<group>"; };
		22EC709927FF7A65005438BC /* FBImageSupport.swift */ = {isa = PBXFileReference; fileEncoding = 4; lastKnownFileType = sourcecode.swift; path = FBImageSupport.swift; sourceTree = "<group>"; };
		22EC709B27FF81DB005438BC /* ReservationDetailsVC.swift */ = {isa = PBXFileReference; fileEncoding = 4; lastKnownFileType = sourcecode.swift; path = ReservationDetailsVC.swift; sourceTree = "<group>"; };
		36CD72A8001F0AEED8AEF9AA /* Pods-QuickPark-QuickParkTests.debug.xcconfig */ = {isa = PBXFileReference; includeInIndex = 1; lastKnownFileType = text.xcconfig; name = "Pods-QuickPark-QuickParkTests.debug.xcconfig"; path = "Target Support Files/Pods-QuickPark-QuickParkTests/Pods-QuickPark-QuickParkTests.debug.xcconfig"; sourceTree = "<group>"; };
		3B2E8B9214F8CFF56EFAB53E /* Pods_QuickPark_QuickParkTests.framework */ = {isa = PBXFileReference; explicitFileType = wrapper.framework; includeInIndex = 0; path = Pods_QuickPark_QuickParkTests.framework; sourceTree = BUILT_PRODUCTS_DIR; };
		3F5F27C0CB7DE6030D0E20B1 /* Pods-QuickPark.release.xcconfig */ = {isa = PBXFileReference; includeInIndex = 1; lastKnownFileType = text.xcconfig; name = "Pods-QuickPark.release.xcconfig"; path = "Target Support Files/Pods-QuickPark/Pods-QuickPark.release.xcconfig"; sourceTree = "<group>"; };
		4A00A6A2B387B56D3904BD93 /* Pods_QuickPark.framework */ = {isa = PBXFileReference; explicitFileType = wrapper.framework; includeInIndex = 0; path = Pods_QuickPark.framework; sourceTree = BUILT_PRODUCTS_DIR; };
		7132474727F7BCD900FC1F66 /* PNSender.swift */ = {isa = PBXFileReference; lastKnownFileType = sourcecode.swift; path = PNSender.swift; sourceTree = "<group>"; };
		7132474927F7BDD900FC1F66 /* PNManager.swift */ = {isa = PBXFileReference; lastKnownFileType = sourcecode.swift; path = PNManager.swift; sourceTree = "<group>"; };
		88D157D820121CDA58F7CDAB /* Pods-QuickPark-QuickParkUITests.debug.xcconfig */ = {isa = PBXFileReference; includeInIndex = 1; lastKnownFileType = text.xcconfig; name = "Pods-QuickPark-QuickParkUITests.debug.xcconfig"; path = "Target Support Files/Pods-QuickPark-QuickParkUITests/Pods-QuickPark-QuickParkUITests.debug.xcconfig"; sourceTree = "<group>"; };
		8CF14C3F2E16B57B46117C4D /* Pods-QuickParkTests.release.xcconfig */ = {isa = PBXFileReference; includeInIndex = 1; lastKnownFileType = text.xcconfig; name = "Pods-QuickParkTests.release.xcconfig"; path = "Target Support Files/Pods-QuickParkTests/Pods-QuickParkTests.release.xcconfig"; sourceTree = "<group>"; };
		8E12F9684092C5EB5D532BA4 /* Pods-QuickPark-QuickParkUITests.release.xcconfig */ = {isa = PBXFileReference; includeInIndex = 1; lastKnownFileType = text.xcconfig; name = "Pods-QuickPark-QuickParkUITests.release.xcconfig"; path = "Target Support Files/Pods-QuickPark-QuickParkUITests/Pods-QuickPark-QuickParkUITests.release.xcconfig"; sourceTree = "<group>"; };
		951624D327E51B2000CA4675 /* ChangePasswordVC.swift */ = {isa = PBXFileReference; lastKnownFileType = sourcecode.swift; path = ChangePasswordVC.swift; sourceTree = "<group>"; };
		95CED68427DD04D800223275 /* UIImage+Extension.swift */ = {isa = PBXFileReference; lastKnownFileType = sourcecode.swift; path = "UIImage+Extension.swift"; sourceTree = "<group>"; };
		C4D573FE1E7BF3A931F98B73 /* Pods-QuickPark.debug.xcconfig */ = {isa = PBXFileReference; includeInIndex = 1; lastKnownFileType = text.xcconfig; name = "Pods-QuickPark.debug.xcconfig"; path = "Target Support Files/Pods-QuickPark/Pods-QuickPark.debug.xcconfig"; sourceTree = "<group>"; };
		DEE26C2A1663C1B2E299610A /* Pods-QuickParkTests.debug.xcconfig */ = {isa = PBXFileReference; includeInIndex = 1; lastKnownFileType = text.xcconfig; name = "Pods-QuickParkTests.debug.xcconfig"; path = "Target Support Files/Pods-QuickParkTests/Pods-QuickParkTests.debug.xcconfig"; sourceTree = "<group>"; };
		F175DF20F53E8ED5BD468F26 /* Pods_QuickPark_QuickParkUITests.framework */ = {isa = PBXFileReference; explicitFileType = wrapper.framework; includeInIndex = 0; path = Pods_QuickPark_QuickParkUITests.framework; sourceTree = BUILT_PRODUCTS_DIR; };
		FCE5C5917A1148E78C8197ED /* Pods-QuickPark-QuickParkTests.release.xcconfig */ = {isa = PBXFileReference; includeInIndex = 1; lastKnownFileType = text.xcconfig; name = "Pods-QuickPark-QuickParkTests.release.xcconfig"; path = "Target Support Files/Pods-QuickPark-QuickParkTests/Pods-QuickPark-QuickParkTests.release.xcconfig"; sourceTree = "<group>"; };
/* End PBXFileReference section */

/* Begin PBXFrameworksBuildPhase section */
		04DD469427A4621200342200 /* Frameworks */ = {
			isa = PBXFrameworksBuildPhase;
			buildActionMask = 2147483647;
			files = (
				3BD1D4DDEFF9F67B7372195A /* Pods_QuickPark.framework in Frameworks */,
			);
			runOnlyForDeploymentPostprocessing = 0;
		};
		04DD46AA27A4621300342200 /* Frameworks */ = {
			isa = PBXFrameworksBuildPhase;
			buildActionMask = 2147483647;
			files = (
				D059121AA59CF4450ACB2FB6 /* Pods_QuickPark_QuickParkTests.framework in Frameworks */,
			);
			runOnlyForDeploymentPostprocessing = 0;
		};
		04DD46B427A4621300342200 /* Frameworks */ = {
			isa = PBXFrameworksBuildPhase;
			buildActionMask = 2147483647;
			files = (
				ED08CCF069A3B5E6753C5BDD /* Pods_QuickPark_QuickParkUITests.framework in Frameworks */,
			);
			runOnlyForDeploymentPostprocessing = 0;
		};
/* End PBXFrameworksBuildPhase section */

/* Begin PBXGroup section */
		00C8239F40F3D7AE0B53AAD1 /* Pods */ = {
			isa = PBXGroup;
			children = (
				C4D573FE1E7BF3A931F98B73 /* Pods-QuickPark.debug.xcconfig */,
				3F5F27C0CB7DE6030D0E20B1 /* Pods-QuickPark.release.xcconfig */,
				88D157D820121CDA58F7CDAB /* Pods-QuickPark-QuickParkUITests.debug.xcconfig */,
				8E12F9684092C5EB5D532BA4 /* Pods-QuickPark-QuickParkUITests.release.xcconfig */,
				DEE26C2A1663C1B2E299610A /* Pods-QuickParkTests.debug.xcconfig */,
				8CF14C3F2E16B57B46117C4D /* Pods-QuickParkTests.release.xcconfig */,
				36CD72A8001F0AEED8AEF9AA /* Pods-QuickPark-QuickParkTests.debug.xcconfig */,
				FCE5C5917A1148E78C8197ED /* Pods-QuickPark-QuickParkTests.release.xcconfig */,
			);
			path = Pods;
			sourceTree = "<group>";
		};
		04DD468E27A4621200342200 = {
			isa = PBXGroup;
			children = (
				04DD469927A4621200342200 /* QuickPark */,
				04DD46B027A4621300342200 /* QuickParkTests */,
				04DD46BA27A4621300342200 /* QuickParkUITests */,
				04DD469827A4621200342200 /* Products */,
				00C8239F40F3D7AE0B53AAD1 /* Pods */,
				83636CA8ABD1D981848DFD55 /* Frameworks */,
			);
			sourceTree = "<group>";
		};
		04DD469827A4621200342200 /* Products */ = {
			isa = PBXGroup;
			children = (
				04DD469727A4621200342200 /* QuickPark.app */,
				04DD46AD27A4621300342200 /* QuickParkTests.xctest */,
				04DD46B727A4621300342200 /* QuickParkUITests.xctest */,
			);
			name = Products;
			sourceTree = "<group>";
		};
		04DD469927A4621200342200 /* QuickPark */ = {
			isa = PBXGroup;
			children = (
				1F3C553427F626AB00E8A7EC /* QuickPark.entitlements */,
				22035FA527BB731100D1A3B5 /* AppProtocols */,
				22035FA327BB726000D1A3B5 /* Resources */,
				1FE81F7127EB41F100F8D142 /* General */,
				1FE81F7027EB41BB00F8D142 /* Design Consisetncy */,
				1FE81F6327EB379000F8D142 /* AdminSide */,
				22035FA427BB728300D1A3B5 /* Support */,
				22A0756F27A9257D00658889 /* Auth */,
				2228409427F38EBE00FE2E5C /* Controllers */,
				2228409927F392D800FE2E5C /* Chat */,
				04206F86280C43750044F518 /* ViewOnMapController.swift */,
			);
			path = QuickPark;
			sourceTree = "<group>";
		};
		04DD46B027A4621300342200 /* QuickParkTests */ = {
			isa = PBXGroup;
			children = (
				04DD46B127A4621300342200 /* QuickParkTests.swift */,
			);
			path = QuickParkTests;
			sourceTree = "<group>";
		};
		04DD46BA27A4621300342200 /* QuickParkUITests */ = {
			isa = PBXGroup;
			children = (
				04DD46BB27A4621300342200 /* QuickParkUITests.swift */,
				04DD46BD27A4621300342200 /* QuickParkUITestsLaunchTests.swift */,
			);
			path = QuickParkUITests;
			sourceTree = "<group>";
		};
		1FE81F6327EB379000F8D142 /* AdminSide */ = {
			isa = PBXGroup;
			children = (
				225AB86827C7B796003D4253 /* AdminMain.storyboard */,
				225AB85A27C7B3FA003D4253 /* AdminHomeListVC.swift */,
				225AB85B27C7B3FA003D4253 /* QPVCTabBar.swift */,
				2272433027C8CD3800A35AF3 /* VCAdminMore.swift */,
				225AB86127C7B41B003D4253 /* AddAreaViewController.swift */,
				1FE81F6427EB381D00F8D142 /* AdminEditAreaVC.swift */,
				1FE81F6627EB38E800F8D142 /* AdminCustomCell.swift */,
				1FE81F6827EB390D00F8D142 /* DataManager.swift */,
				1FE81F6A27EB393800F8D142 /* BiggerMapView.swift */,
				1FE81F6C27EB395800F8D142 /* LocationSearchTable.swift */,
			);
			path = AdminSide;
			sourceTree = "<group>";
		};
		1FE81F7027EB41BB00F8D142 /* Design Consisetncy */ = {
			isa = PBXGroup;
			children = (
				225AB85927C7B3FA003D4253 /* CustomCell.swift */,
				225AB85327C7A805003D4253 /* UIView+Extension.swift */,
				225AB85427C7A805003D4253 /* UIViewController+Extension.swift */,
				225AB85527C7A806003D4253 /* UserDefaults+Extension.swift */,
			);
			path = "Design Consisetncy";
			sourceTree = "<group>";
		};
		1FE81F7127EB41F100F8D142 /* General */ = {
			isa = PBXGroup;
			children = (
				1FE81F6E27EB3AC600F8D142 /* HowToViewController.swift */,
				225AB84F27C7A7C1003D4253 /* OnboardingCollectionViewCell.swift */,
				225AB84E27C7A7C1003D4253 /* OnboardingSlide.swift */,
				225AB84D27C7A7C1003D4253 /* OnboardingViewController.swift */,
				226C1D1127BE85A800D11E24 /* Areas.swift */,
			);
			path = General;
			sourceTree = "<group>";
		};
		22035FA327BB726000D1A3B5 /* Resources */ = {
			isa = PBXGroup;
			children = (
				22035F9D27B6AD6700D1A3B5 /* Assets.xcassets */,
				04DD46A827A4621300342200 /* Info.plist */,
				1F342B1427A56D6A00493084 /* GoogleService-Info.plist */,
				226C1D1D27BE85B700D11E24 /* Main.storyboard */,
				04DD46A527A4621300342200 /* LaunchScreen.storyboard */,
				22035FA627BB74AD00D1A3B5 /* Auth.storyboard */,
				22D7793B27C90E7B00BC4677 /* Misclenious.storyboard */,
			);
			name = Resources;
			sourceTree = "<group>";
		};
		22035FA427BB728300D1A3B5 /* Support */ = {
			isa = PBXGroup;
			children = (
				22EC709927FF7A65005438BC /* FBImageSupport.swift */,
				95CED68427DD04D800223275 /* UIImage+Extension.swift */,
				2291945B27E9FCEF00E78016 /* QPLNSuport.swift */,
				22035FA127BB724600D1A3B5 /* FBSupport.swift */,
				22035FA827BB75B500D1A3B5 /* SBSupport.swift */,
				22035FAA27BBCF2300D1A3B5 /* Profile.swift */,
				2291945D27E9FE0300E78016 /* HideViews.swift */,
				2272433A27C8CD6B00A35AF3 /* Loader.swift */,
				2272433127C8CD3800A35AF3 /* Constants.swift */,
				2272433927C8CD6B00A35AF3 /* Utilities.swift */,
				22825ADB27CA0625002F49A0 /* QPAlert.swift */,
			);
			path = Support;
			sourceTree = "<group>";
		};
		22035FA527BB731100D1A3B5 /* AppProtocols */ = {
			isa = PBXGroup;
			children = (
				04DD469A27A4621200342200 /* AppDelegate.swift */,
				04DD469C27A4621200342200 /* SceneDelegate.swift */,
			);
			path = AppProtocols;
			sourceTree = "<group>";
		};
		2228409427F38EBE00FE2E5C /* Controllers */ = {
			isa = PBXGroup;
			children = (
				22EC709B27FF81DB005438BC /* ReservationDetailsVC.swift */,
				04DD469E27A4621200342200 /* ViewController.swift */,
				2272432E27C8CD3800A35AF3 /* CountdownParkingVC.swift */,
				2272432D27C8CD3800A35AF3 /* EnterParkingVC.swift */,
				2272432F27C8CD3800A35AF3 /* PayAbleViewController.swift */,
				226C1D0B27BE85A800D11E24 /* ConfirmAndPay.swift */,
				225AB85C27C7B3FA003D4253 /* FirebaseManager.swift */,
				225AB84727C7A759003D4253 /* UserProfileViewController.swift */,
				226C1D1027BE85A800D11E24 /* MyParkingsVC.swift */,
				226C1D0927BE85A800D11E24 /* PastTableViewCell.swift */,
				226C1D0F27BE85A800D11E24 /* QRCodeVC.swift */,
				226C1D0E27BE85A800D11E24 /* Reservation.swift */,
				226C1D0827BE85A800D11E24 /* ReservationCell.swift */,
				226C1D0327BE682400D11E24 /* VCMore.swift */,
				951624D327E51B2000CA4675 /* ChangePasswordVC.swift */,
			);
			name = Controllers;
			sourceTree = "<group>";
		};
		2228409927F392D800FE2E5C /* Chat */ = {
			isa = PBXGroup;
			children = (
				7132474727F7BCD900FC1F66 /* PNSender.swift */,
				7132474927F7BDD900FC1F66 /* PNManager.swift */,
				1F3C553527F630C600E8A7EC /* VCChatRoster.swift */,
				2228409D27F392F000FE2E5C /* VCChat.swift */,
				2228409727F38EF800FE2E5C /* Chat.storyboard */,
			);
			path = Chat;
			sourceTree = "<group>";
		};
		22A0756F27A9257D00658889 /* Auth */ = {
			isa = PBXGroup;
			children = (
				22A0757027A925DC00658889 /* RegViewController.swift */,
				22A0757227A9260500658889 /* LogViewController.swift */,
				22035F9F27B6B24E00D1A3B5 /* TVCResetPassword.swift */,
				22A0757427A9261E00658889 /* HomePageViewController.swift */,
				22C1C4CA27B6993A00866DA4 /* TermsViewController.swift */,
			);
			path = Auth;
			sourceTree = "<group>";
		};
		83636CA8ABD1D981848DFD55 /* Frameworks */ = {
			isa = PBXGroup;
			children = (
				4A00A6A2B387B56D3904BD93 /* Pods_QuickPark.framework */,
				F175DF20F53E8ED5BD468F26 /* Pods_QuickPark_QuickParkUITests.framework */,
				3B2E8B9214F8CFF56EFAB53E /* Pods_QuickPark_QuickParkTests.framework */,
			);
			name = Frameworks;
			sourceTree = "<group>";
		};
/* End PBXGroup section */

/* Begin PBXNativeTarget section */
		04DD469627A4621200342200 /* QuickPark */ = {
			isa = PBXNativeTarget;
			buildConfigurationList = 04DD46C127A4621300342200 /* Build configuration list for PBXNativeTarget "QuickPark" */;
			buildPhases = (
				442942EC73783FFA660A3816 /* [CP] Check Pods Manifest.lock */,
				04DD469327A4621200342200 /* Sources */,
				04DD469427A4621200342200 /* Frameworks */,
				04DD469527A4621200342200 /* Resources */,
				D7A867B4F8EE7BF5FF36AD98 /* [CP] Embed Pods Frameworks */,
			);
			buildRules = (
			);
			dependencies = (
			);
			name = QuickPark;
			productName = QuickPark;
			productReference = 04DD469727A4621200342200 /* QuickPark.app */;
			productType = "com.apple.product-type.application";
		};
		04DD46AC27A4621300342200 /* QuickParkTests */ = {
			isa = PBXNativeTarget;
			buildConfigurationList = 04DD46C427A4621300342200 /* Build configuration list for PBXNativeTarget "QuickParkTests" */;
			buildPhases = (
				06C0341019FE8373DCCA59D3 /* [CP] Check Pods Manifest.lock */,
				04DD46A927A4621300342200 /* Sources */,
				04DD46AA27A4621300342200 /* Frameworks */,
				04DD46AB27A4621300342200 /* Resources */,
				7F2A111CEA6CF726C6B0FAFB /* [CP] Embed Pods Frameworks */,
			);
			buildRules = (
			);
			dependencies = (
				04DD46AF27A4621300342200 /* PBXTargetDependency */,
			);
			name = QuickParkTests;
			productName = QuickParkTests;
			productReference = 04DD46AD27A4621300342200 /* QuickParkTests.xctest */;
			productType = "com.apple.product-type.bundle.unit-test";
		};
		04DD46B627A4621300342200 /* QuickParkUITests */ = {
			isa = PBXNativeTarget;
			buildConfigurationList = 04DD46C727A4621300342200 /* Build configuration list for PBXNativeTarget "QuickParkUITests" */;
			buildPhases = (
				59CF1317ACE729DB8B6A3A04 /* [CP] Check Pods Manifest.lock */,
				04DD46B327A4621300342200 /* Sources */,
				04DD46B427A4621300342200 /* Frameworks */,
				04DD46B527A4621300342200 /* Resources */,
				ECAC59928063614C5871674C /* [CP] Embed Pods Frameworks */,
			);
			buildRules = (
			);
			dependencies = (
				04DD46B927A4621300342200 /* PBXTargetDependency */,
			);
			name = QuickParkUITests;
			productName = QuickParkUITests;
			productReference = 04DD46B727A4621300342200 /* QuickParkUITests.xctest */;
			productType = "com.apple.product-type.bundle.ui-testing";
		};
/* End PBXNativeTarget section */

/* Begin PBXProject section */
		04DD468F27A4621200342200 /* Project object */ = {
			isa = PBXProject;
			attributes = {
				BuildIndependentTargetsInParallel = 1;
				LastSwiftUpdateCheck = 1320;
				LastUpgradeCheck = 1320;
				TargetAttributes = {
					04DD469627A4621200342200 = {
						CreatedOnToolsVersion = 13.2.1;
					};
					04DD46AC27A4621300342200 = {
						CreatedOnToolsVersion = 13.2.1;
						TestTargetID = 04DD469627A4621200342200;
					};
					04DD46B627A4621300342200 = {
						CreatedOnToolsVersion = 13.2.1;
						TestTargetID = 04DD469627A4621200342200;
					};
				};
			};
			buildConfigurationList = 04DD469227A4621200342200 /* Build configuration list for PBXProject "QuickPark" */;
			compatibilityVersion = "Xcode 13.0";
			developmentRegion = en;
			hasScannedForEncodings = 0;
			knownRegions = (
				en,
				Base,
			);
			mainGroup = 04DD468E27A4621200342200;
			productRefGroup = 04DD469827A4621200342200 /* Products */;
			projectDirPath = "";
			projectRoot = "";
			targets = (
				04DD469627A4621200342200 /* QuickPark */,
				04DD46AC27A4621300342200 /* QuickParkTests */,
				04DD46B627A4621300342200 /* QuickParkUITests */,
			);
		};
/* End PBXProject section */

/* Begin PBXResourcesBuildPhase section */
		04DD469527A4621200342200 /* Resources */ = {
			isa = PBXResourcesBuildPhase;
			buildActionMask = 2147483647;
			files = (
				04DD46A727A4621300342200 /* LaunchScreen.storyboard in Resources */,
				1F342B1527A56D6A00493084 /* GoogleService-Info.plist in Resources */,
				22035FA727BB74AD00D1A3B5 /* Auth.storyboard in Resources */,
				225AB86A27C7B796003D4253 /* AdminMain.storyboard in Resources */,
				226C1D1F27BE85B700D11E24 /* Main.storyboard in Resources */,
				22D7793C27C90E7B00BC4677 /* Misclenious.storyboard in Resources */,
				2228409827F38EF800FE2E5C /* Chat.storyboard in Resources */,
				22035F9E27B6AD6800D1A3B5 /* Assets.xcassets in Resources */,
			);
			runOnlyForDeploymentPostprocessing = 0;
		};
		04DD46AB27A4621300342200 /* Resources */ = {
			isa = PBXResourcesBuildPhase;
			buildActionMask = 2147483647;
			files = (
				1F342B1627A56D6A00493084 /* GoogleService-Info.plist in Resources */,
			);
			runOnlyForDeploymentPostprocessing = 0;
		};
		04DD46B527A4621300342200 /* Resources */ = {
			isa = PBXResourcesBuildPhase;
			buildActionMask = 2147483647;
			files = (
				1F342B1727A56D6A00493084 /* GoogleService-Info.plist in Resources */,
			);
			runOnlyForDeploymentPostprocessing = 0;
		};
/* End PBXResourcesBuildPhase section */

/* Begin PBXShellScriptBuildPhase section */
		06C0341019FE8373DCCA59D3 /* [CP] Check Pods Manifest.lock */ = {
			isa = PBXShellScriptBuildPhase;
			buildActionMask = 2147483647;
			files = (
			);
			inputFileListPaths = (
			);
			inputPaths = (
				"${PODS_PODFILE_DIR_PATH}/Podfile.lock",
				"${PODS_ROOT}/Manifest.lock",
			);
			name = "[CP] Check Pods Manifest.lock";
			outputFileListPaths = (
			);
			outputPaths = (
				"$(DERIVED_FILE_DIR)/Pods-QuickPark-QuickParkTests-checkManifestLockResult.txt",
			);
			runOnlyForDeploymentPostprocessing = 0;
			shellPath = /bin/sh;
			shellScript = "diff \"${PODS_PODFILE_DIR_PATH}/Podfile.lock\" \"${PODS_ROOT}/Manifest.lock\" > /dev/null\nif [ $? != 0 ] ; then\n    # print error to STDERR\n    echo \"error: The sandbox is not in sync with the Podfile.lock. Run 'pod install' or update your CocoaPods installation.\" >&2\n    exit 1\nfi\n# This output is used by Xcode 'outputs' to avoid re-running this script phase.\necho \"SUCCESS\" > \"${SCRIPT_OUTPUT_FILE_0}\"\n";
			showEnvVarsInLog = 0;
		};
		442942EC73783FFA660A3816 /* [CP] Check Pods Manifest.lock */ = {
			isa = PBXShellScriptBuildPhase;
			buildActionMask = 2147483647;
			files = (
			);
			inputFileListPaths = (
			);
			inputPaths = (
				"${PODS_PODFILE_DIR_PATH}/Podfile.lock",
				"${PODS_ROOT}/Manifest.lock",
			);
			name = "[CP] Check Pods Manifest.lock";
			outputFileListPaths = (
			);
			outputPaths = (
				"$(DERIVED_FILE_DIR)/Pods-QuickPark-checkManifestLockResult.txt",
			);
			runOnlyForDeploymentPostprocessing = 0;
			shellPath = /bin/sh;
			shellScript = "diff \"${PODS_PODFILE_DIR_PATH}/Podfile.lock\" \"${PODS_ROOT}/Manifest.lock\" > /dev/null\nif [ $? != 0 ] ; then\n    # print error to STDERR\n    echo \"error: The sandbox is not in sync with the Podfile.lock. Run 'pod install' or update your CocoaPods installation.\" >&2\n    exit 1\nfi\n# This output is used by Xcode 'outputs' to avoid re-running this script phase.\necho \"SUCCESS\" > \"${SCRIPT_OUTPUT_FILE_0}\"\n";
			showEnvVarsInLog = 0;
		};
		59CF1317ACE729DB8B6A3A04 /* [CP] Check Pods Manifest.lock */ = {
			isa = PBXShellScriptBuildPhase;
			buildActionMask = 2147483647;
			files = (
			);
			inputFileListPaths = (
			);
			inputPaths = (
				"${PODS_PODFILE_DIR_PATH}/Podfile.lock",
				"${PODS_ROOT}/Manifest.lock",
			);
			name = "[CP] Check Pods Manifest.lock";
			outputFileListPaths = (
			);
			outputPaths = (
				"$(DERIVED_FILE_DIR)/Pods-QuickPark-QuickParkUITests-checkManifestLockResult.txt",
			);
			runOnlyForDeploymentPostprocessing = 0;
			shellPath = /bin/sh;
			shellScript = "diff \"${PODS_PODFILE_DIR_PATH}/Podfile.lock\" \"${PODS_ROOT}/Manifest.lock\" > /dev/null\nif [ $? != 0 ] ; then\n    # print error to STDERR\n    echo \"error: The sandbox is not in sync with the Podfile.lock. Run 'pod install' or update your CocoaPods installation.\" >&2\n    exit 1\nfi\n# This output is used by Xcode 'outputs' to avoid re-running this script phase.\necho \"SUCCESS\" > \"${SCRIPT_OUTPUT_FILE_0}\"\n";
			showEnvVarsInLog = 0;
		};
		7F2A111CEA6CF726C6B0FAFB /* [CP] Embed Pods Frameworks */ = {
			isa = PBXShellScriptBuildPhase;
			buildActionMask = 2147483647;
			files = (
			);
			inputFileListPaths = (
				"${PODS_ROOT}/Target Support Files/Pods-QuickPark-QuickParkTests/Pods-QuickPark-QuickParkTests-frameworks-${CONFIGURATION}-input-files.xcfilelist",
			);
			name = "[CP] Embed Pods Frameworks";
			outputFileListPaths = (
				"${PODS_ROOT}/Target Support Files/Pods-QuickPark-QuickParkTests/Pods-QuickPark-QuickParkTests-frameworks-${CONFIGURATION}-output-files.xcfilelist",
			);
			runOnlyForDeploymentPostprocessing = 0;
			shellPath = /bin/sh;
			shellScript = "\"${PODS_ROOT}/Target Support Files/Pods-QuickPark-QuickParkTests/Pods-QuickPark-QuickParkTests-frameworks.sh\"\n";
			showEnvVarsInLog = 0;
		};
		D7A867B4F8EE7BF5FF36AD98 /* [CP] Embed Pods Frameworks */ = {
			isa = PBXShellScriptBuildPhase;
			buildActionMask = 2147483647;
			files = (
			);
			inputFileListPaths = (
				"${PODS_ROOT}/Target Support Files/Pods-QuickPark/Pods-QuickPark-frameworks-${CONFIGURATION}-input-files.xcfilelist",
			);
			name = "[CP] Embed Pods Frameworks";
			outputFileListPaths = (
				"${PODS_ROOT}/Target Support Files/Pods-QuickPark/Pods-QuickPark-frameworks-${CONFIGURATION}-output-files.xcfilelist",
			);
			runOnlyForDeploymentPostprocessing = 0;
			shellPath = /bin/sh;
			shellScript = "\"${PODS_ROOT}/Target Support Files/Pods-QuickPark/Pods-QuickPark-frameworks.sh\"\n";
			showEnvVarsInLog = 0;
		};
		ECAC59928063614C5871674C /* [CP] Embed Pods Frameworks */ = {
			isa = PBXShellScriptBuildPhase;
			buildActionMask = 2147483647;
			files = (
			);
			inputFileListPaths = (
				"${PODS_ROOT}/Target Support Files/Pods-QuickPark-QuickParkUITests/Pods-QuickPark-QuickParkUITests-frameworks-${CONFIGURATION}-input-files.xcfilelist",
			);
			name = "[CP] Embed Pods Frameworks";
			outputFileListPaths = (
				"${PODS_ROOT}/Target Support Files/Pods-QuickPark-QuickParkUITests/Pods-QuickPark-QuickParkUITests-frameworks-${CONFIGURATION}-output-files.xcfilelist",
			);
			runOnlyForDeploymentPostprocessing = 0;
			shellPath = /bin/sh;
			shellScript = "\"${PODS_ROOT}/Target Support Files/Pods-QuickPark-QuickParkUITests/Pods-QuickPark-QuickParkUITests-frameworks.sh\"\n";
			showEnvVarsInLog = 0;
		};
/* End PBXShellScriptBuildPhase section */

/* Begin PBXSourcesBuildPhase section */
		04DD469327A4621200342200 /* Sources */ = {
			isa = PBXSourcesBuildPhase;
			buildActionMask = 2147483647;
			files = (
				1F3C553627F630C600E8A7EC /* VCChatRoster.swift in Sources */,
				04DD469F27A4621200342200 /* ViewController.swift in Sources */,
				225AB84827C7A75A003D4253 /* UserProfileViewController.swift in Sources */,
				22EC709C27FF81DC005438BC /* ReservationDetailsVC.swift in Sources */,
				22035FA027B6B24E00D1A3B5 /* TVCResetPassword.swift in Sources */,
				225AB86227C7B41C003D4253 /* AddAreaViewController.swift in Sources */,
				04206F87280C43760044F518 /* ViewOnMapController.swift in Sources */,
				225AB85F27C7B3FA003D4253 /* QPVCTabBar.swift in Sources */,
				1FE81F6F27EB3AC600F8D142 /* HowToViewController.swift in Sources */,
				1FE81F6927EB390D00F8D142 /* DataManager.swift in Sources */,
				2272433627C8CD3900A35AF3 /* VCAdminMore.swift in Sources */,
				226C1D1927BE85A800D11E24 /* Reservation.swift in Sources */,
				951624D427E51B2000CA4675 /* ChangePasswordVC.swift in Sources */,
				225AB85D27C7B3FA003D4253 /* CustomCell.swift in Sources */,
				225AB85727C7A806003D4253 /* UIViewController+Extension.swift in Sources */,
				226C1D1327BE85A800D11E24 /* ReservationCell.swift in Sources */,
				226C1D1A27BE85A800D11E24 /* QRCodeVC.swift in Sources */,
				22A0757327A9260500658889 /* LogViewController.swift in Sources */,
				22A0757527A9261E00658889 /* HomePageViewController.swift in Sources */,
				226C1D1B27BE85A800D11E24 /* MyParkingsVC.swift in Sources */,
				226C1D1627BE85A800D11E24 /* ConfirmAndPay.swift in Sources */,
				22035FA927BB75B500D1A3B5 /* SBSupport.swift in Sources */,
				2272433B27C8CD6B00A35AF3 /* Utilities.swift in Sources */,
				225AB86027C7B3FA003D4253 /* FirebaseManager.swift in Sources */,
				225AB85027C7A7C1003D4253 /* OnboardingViewController.swift in Sources */,
				7132474827F7BCD900FC1F66 /* PNSender.swift in Sources */,
				04DD469B27A4621200342200 /* AppDelegate.swift in Sources */,
				2272433327C8CD3900A35AF3 /* EnterParkingVC.swift in Sources */,
				2272433527C8CD3900A35AF3 /* PayAbleViewController.swift in Sources */,
				1FE81F6B27EB393800F8D142 /* BiggerMapView.swift in Sources */,
				22035FA227BB724600D1A3B5 /* FBSupport.swift in Sources */,
				226C1D0427BE682400D11E24 /* VCMore.swift in Sources */,
				1FE81F6D27EB395800F8D142 /* LocationSearchTable.swift in Sources */,
				1FE81F6527EB381D00F8D142 /* AdminEditAreaVC.swift in Sources */,
				04DD469D27A4621200342200 /* SceneDelegate.swift in Sources */,
				22EC709A27FF7A65005438BC /* FBImageSupport.swift in Sources */,
				226C1D1427BE85A800D11E24 /* PastTableViewCell.swift in Sources */,
				2291945C27E9FCEF00E78016 /* QPLNSuport.swift in Sources */,
				2272433C27C8CD6B00A35AF3 /* Loader.swift in Sources */,
				7132474A27F7BDD900FC1F66 /* PNManager.swift in Sources */,
				95CED68527DD04D800223275 /* UIImage+Extension.swift in Sources */,
				2272433427C8CD3900A35AF3 /* CountdownParkingVC.swift in Sources */,
				225AB85227C7A7C1003D4253 /* OnboardingCollectionViewCell.swift in Sources */,
				225AB85E27C7B3FA003D4253 /* AdminHomeListVC.swift in Sources */,
				22A0757127A925DC00658889 /* RegViewController.swift in Sources */,
				225AB85627C7A806003D4253 /* UIView+Extension.swift in Sources */,
				22C1C4CB27B6993A00866DA4 /* TermsViewController.swift in Sources */,
				1FE81F6727EB38E800F8D142 /* AdminCustomCell.swift in Sources */,
				226C1D1C27BE85A800D11E24 /* Areas.swift in Sources */,
				225AB85127C7A7C1003D4253 /* OnboardingSlide.swift in Sources */,
				225AB85827C7A806003D4253 /* UserDefaults+Extension.swift in Sources */,
				22035FAB27BBCF2300D1A3B5 /* Profile.swift in Sources */,
				2272433727C8CD3900A35AF3 /* Constants.swift in Sources */,
				2291945E27E9FE0300E78016 /* HideViews.swift in Sources */,
				222840A127F392F000FE2E5C /* VCChat.swift in Sources */,
				22825ADC27CA0625002F49A0 /* QPAlert.swift in Sources */,
			);
			runOnlyForDeploymentPostprocessing = 0;
		};
		04DD46A927A4621300342200 /* Sources */ = {
			isa = PBXSourcesBuildPhase;
			buildActionMask = 2147483647;
			files = (
				04DD46B227A4621300342200 /* QuickParkTests.swift in Sources */,
			);
			runOnlyForDeploymentPostprocessing = 0;
		};
		04DD46B327A4621300342200 /* Sources */ = {
			isa = PBXSourcesBuildPhase;
			buildActionMask = 2147483647;
			files = (
				04DD46BE27A4621300342200 /* QuickParkUITestsLaunchTests.swift in Sources */,
				04DD46BC27A4621300342200 /* QuickParkUITests.swift in Sources */,
			);
			runOnlyForDeploymentPostprocessing = 0;
		};
/* End PBXSourcesBuildPhase section */

/* Begin PBXTargetDependency section */
		04DD46AF27A4621300342200 /* PBXTargetDependency */ = {
			isa = PBXTargetDependency;
			target = 04DD469627A4621200342200 /* QuickPark */;
			targetProxy = 04DD46AE27A4621300342200 /* PBXContainerItemProxy */;
		};
		04DD46B927A4621300342200 /* PBXTargetDependency */ = {
			isa = PBXTargetDependency;
			target = 04DD469627A4621200342200 /* QuickPark */;
			targetProxy = 04DD46B827A4621300342200 /* PBXContainerItemProxy */;
		};
/* End PBXTargetDependency section */

/* Begin PBXVariantGroup section */
		04DD46A527A4621300342200 /* LaunchScreen.storyboard */ = {
			isa = PBXVariantGroup;
			children = (
				04DD46A627A4621300342200 /* Base */,
			);
			name = LaunchScreen.storyboard;
			sourceTree = "<group>";
		};
		225AB86827C7B796003D4253 /* AdminMain.storyboard */ = {
			isa = PBXVariantGroup;
			children = (
				225AB86927C7B796003D4253 /* Base */,
			);
			name = AdminMain.storyboard;
			sourceTree = "<group>";
		};
		226C1D1D27BE85B700D11E24 /* Main.storyboard */ = {
			isa = PBXVariantGroup;
			children = (
				226C1D1E27BE85B700D11E24 /* Base */,
			);
			name = Main.storyboard;
			sourceTree = "<group>";
		};
/* End PBXVariantGroup section */

/* Begin XCBuildConfiguration section */
		04DD46BF27A4621300342200 /* Debug */ = {
			isa = XCBuildConfiguration;
			buildSettings = {
				ALWAYS_SEARCH_USER_PATHS = NO;
				CLANG_ANALYZER_NONNULL = YES;
				CLANG_ANALYZER_NUMBER_OBJECT_CONVERSION = YES_AGGRESSIVE;
				CLANG_CXX_LANGUAGE_STANDARD = "gnu++17";
				CLANG_CXX_LIBRARY = "libc++";
				CLANG_ENABLE_MODULES = YES;
				CLANG_ENABLE_OBJC_ARC = YES;
				CLANG_ENABLE_OBJC_WEAK = YES;
				CLANG_WARN_BLOCK_CAPTURE_AUTORELEASING = YES;
				CLANG_WARN_BOOL_CONVERSION = YES;
				CLANG_WARN_COMMA = YES;
				CLANG_WARN_CONSTANT_CONVERSION = YES;
				CLANG_WARN_DEPRECATED_OBJC_IMPLEMENTATIONS = YES;
				CLANG_WARN_DIRECT_OBJC_ISA_USAGE = YES_ERROR;
				CLANG_WARN_DOCUMENTATION_COMMENTS = YES;
				CLANG_WARN_EMPTY_BODY = YES;
				CLANG_WARN_ENUM_CONVERSION = YES;
				CLANG_WARN_INFINITE_RECURSION = YES;
				CLANG_WARN_INT_CONVERSION = YES;
				CLANG_WARN_NON_LITERAL_NULL_CONVERSION = YES;
				CLANG_WARN_OBJC_IMPLICIT_RETAIN_SELF = YES;
				CLANG_WARN_OBJC_LITERAL_CONVERSION = YES;
				CLANG_WARN_OBJC_ROOT_CLASS = YES_ERROR;
				CLANG_WARN_QUOTED_INCLUDE_IN_FRAMEWORK_HEADER = YES;
				CLANG_WARN_RANGE_LOOP_ANALYSIS = YES;
				CLANG_WARN_STRICT_PROTOTYPES = YES;
				CLANG_WARN_SUSPICIOUS_MOVE = YES;
				CLANG_WARN_UNGUARDED_AVAILABILITY = YES_AGGRESSIVE;
				CLANG_WARN_UNREACHABLE_CODE = YES;
				CLANG_WARN__DUPLICATE_METHOD_MATCH = YES;
				COPY_PHASE_STRIP = NO;
				DEBUG_INFORMATION_FORMAT = dwarf;
				ENABLE_STRICT_OBJC_MSGSEND = YES;
				ENABLE_TESTABILITY = YES;
				GCC_C_LANGUAGE_STANDARD = gnu11;
				GCC_DYNAMIC_NO_PIC = NO;
				GCC_NO_COMMON_BLOCKS = YES;
				GCC_OPTIMIZATION_LEVEL = 0;
				GCC_PREPROCESSOR_DEFINITIONS = (
					"DEBUG=1",
					"$(inherited)",
				);
				GCC_WARN_64_TO_32_BIT_CONVERSION = YES;
				GCC_WARN_ABOUT_RETURN_TYPE = YES_ERROR;
				GCC_WARN_UNDECLARED_SELECTOR = YES;
				GCC_WARN_UNINITIALIZED_AUTOS = YES_AGGRESSIVE;
				GCC_WARN_UNUSED_FUNCTION = YES;
				GCC_WARN_UNUSED_VARIABLE = YES;
				IPHONEOS_DEPLOYMENT_TARGET = 15.2;
				MTL_ENABLE_DEBUG_INFO = INCLUDE_SOURCE;
				MTL_FAST_MATH = YES;
				ONLY_ACTIVE_ARCH = YES;
				SDKROOT = iphoneos;
				SWIFT_ACTIVE_COMPILATION_CONDITIONS = DEBUG;
				SWIFT_OPTIMIZATION_LEVEL = "-Onone";
			};
			name = Debug;
		};
		04DD46C027A4621300342200 /* Release */ = {
			isa = XCBuildConfiguration;
			buildSettings = {
				ALWAYS_SEARCH_USER_PATHS = NO;
				CLANG_ANALYZER_NONNULL = YES;
				CLANG_ANALYZER_NUMBER_OBJECT_CONVERSION = YES_AGGRESSIVE;
				CLANG_CXX_LANGUAGE_STANDARD = "gnu++17";
				CLANG_CXX_LIBRARY = "libc++";
				CLANG_ENABLE_MODULES = YES;
				CLANG_ENABLE_OBJC_ARC = YES;
				CLANG_ENABLE_OBJC_WEAK = YES;
				CLANG_WARN_BLOCK_CAPTURE_AUTORELEASING = YES;
				CLANG_WARN_BOOL_CONVERSION = YES;
				CLANG_WARN_COMMA = YES;
				CLANG_WARN_CONSTANT_CONVERSION = YES;
				CLANG_WARN_DEPRECATED_OBJC_IMPLEMENTATIONS = YES;
				CLANG_WARN_DIRECT_OBJC_ISA_USAGE = YES_ERROR;
				CLANG_WARN_DOCUMENTATION_COMMENTS = YES;
				CLANG_WARN_EMPTY_BODY = YES;
				CLANG_WARN_ENUM_CONVERSION = YES;
				CLANG_WARN_INFINITE_RECURSION = YES;
				CLANG_WARN_INT_CONVERSION = YES;
				CLANG_WARN_NON_LITERAL_NULL_CONVERSION = YES;
				CLANG_WARN_OBJC_IMPLICIT_RETAIN_SELF = YES;
				CLANG_WARN_OBJC_LITERAL_CONVERSION = YES;
				CLANG_WARN_OBJC_ROOT_CLASS = YES_ERROR;
				CLANG_WARN_QUOTED_INCLUDE_IN_FRAMEWORK_HEADER = YES;
				CLANG_WARN_RANGE_LOOP_ANALYSIS = YES;
				CLANG_WARN_STRICT_PROTOTYPES = YES;
				CLANG_WARN_SUSPICIOUS_MOVE = YES;
				CLANG_WARN_UNGUARDED_AVAILABILITY = YES_AGGRESSIVE;
				CLANG_WARN_UNREACHABLE_CODE = YES;
				CLANG_WARN__DUPLICATE_METHOD_MATCH = YES;
				COPY_PHASE_STRIP = NO;
				DEBUG_INFORMATION_FORMAT = "dwarf-with-dsym";
				ENABLE_NS_ASSERTIONS = NO;
				ENABLE_STRICT_OBJC_MSGSEND = YES;
				GCC_C_LANGUAGE_STANDARD = gnu11;
				GCC_NO_COMMON_BLOCKS = YES;
				GCC_WARN_64_TO_32_BIT_CONVERSION = YES;
				GCC_WARN_ABOUT_RETURN_TYPE = YES_ERROR;
				GCC_WARN_UNDECLARED_SELECTOR = YES;
				GCC_WARN_UNINITIALIZED_AUTOS = YES_AGGRESSIVE;
				GCC_WARN_UNUSED_FUNCTION = YES;
				GCC_WARN_UNUSED_VARIABLE = YES;
				IPHONEOS_DEPLOYMENT_TARGET = 15.2;
				MTL_ENABLE_DEBUG_INFO = NO;
				MTL_FAST_MATH = YES;
				SDKROOT = iphoneos;
				SWIFT_COMPILATION_MODE = wholemodule;
				SWIFT_OPTIMIZATION_LEVEL = "-O";
				VALIDATE_PRODUCT = YES;
			};
			name = Release;
		};
		04DD46C227A4621300342200 /* Debug */ = {
			isa = XCBuildConfiguration;
			baseConfigurationReference = C4D573FE1E7BF3A931F98B73 /* Pods-QuickPark.debug.xcconfig */;
			buildSettings = {
				ASSETCATALOG_COMPILER_APPICON_NAME = AppIcon;
				ASSETCATALOG_COMPILER_GLOBAL_ACCENT_COLOR_NAME = AccentColor;
				CODE_SIGN_ENTITLEMENTS = QuickPark/QuickPark.entitlements;
				CODE_SIGN_STYLE = Automatic;
				CURRENT_PROJECT_VERSION = 1;
				DEVELOPMENT_TEAM = ZS6WXPHW6X;
				GENERATE_INFOPLIST_FILE = YES;
				INFOPLIST_FILE = QuickPark/Info.plist;
				INFOPLIST_KEY_NSLocationAlwaysAndWhenInUseUsageDescription = "Location permission needed to show you nearest parking to you.";
				INFOPLIST_KEY_NSLocationUsageDescription = "Please allow location usage";
				INFOPLIST_KEY_NSLocationWhenInUseUsageDescription = "Location permission needed to show you nearest parking to you.";
				INFOPLIST_KEY_NSPhotoLibraryUsageDescription = "This app requires access to the photo library.";
				INFOPLIST_KEY_UIApplicationSupportsIndirectInputEvents = YES;
				INFOPLIST_KEY_UILaunchStoryboardName = LaunchScreen;
				INFOPLIST_KEY_UIMainStoryboardFile = Auth;
				INFOPLIST_KEY_UISupportedInterfaceOrientations = UIInterfaceOrientationPortrait;
				INFOPLIST_KEY_UISupportedInterfaceOrientations_iPad = "UIInterfaceOrientationPortrait UIInterfaceOrientationPortraitUpsideDown UIInterfaceOrientationLandscapeLeft UIInterfaceOrientationLandscapeRight";
				INFOPLIST_KEY_UISupportedInterfaceOrientations_iPhone = "UIInterfaceOrientationPortrait UIInterfaceOrientationLandscapeLeft UIInterfaceOrientationLandscapeRight";
				IPHONEOS_DEPLOYMENT_TARGET = 14.4;
				LD_RUNPATH_SEARCH_PATHS = (
					"$(inherited)",
					"@executable_path/Frameworks",
				);
				MARKETING_VERSION = 1.0;
				PRODUCT_BUNDLE_IDENTIFIER = G3.QuickPark;
				PRODUCT_NAME = "$(TARGET_NAME)";
				SWIFT_EMIT_LOC_STRINGS = YES;
				SWIFT_VERSION = 5.0;
				TARGETED_DEVICE_FAMILY = 1;
			};
			name = Debug;
		};
		04DD46C327A4621300342200 /* Release */ = {
			isa = XCBuildConfiguration;
			baseConfigurationReference = 3F5F27C0CB7DE6030D0E20B1 /* Pods-QuickPark.release.xcconfig */;
			buildSettings = {
				ASSETCATALOG_COMPILER_APPICON_NAME = AppIcon;
				ASSETCATALOG_COMPILER_GLOBAL_ACCENT_COLOR_NAME = AccentColor;
				CODE_SIGN_ENTITLEMENTS = QuickPark/QuickPark.entitlements;
				CODE_SIGN_STYLE = Automatic;
				CURRENT_PROJECT_VERSION = 1;
				DEVELOPMENT_TEAM = ZS6WXPHW6X;
				GENERATE_INFOPLIST_FILE = YES;
				INFOPLIST_FILE = QuickPark/Info.plist;
				INFOPLIST_KEY_NSLocationAlwaysAndWhenInUseUsageDescription = "Location permission needed to show you nearest parking to you.";
				INFOPLIST_KEY_NSLocationUsageDescription = "Please allow location usage";
				INFOPLIST_KEY_NSLocationWhenInUseUsageDescription = "Location permission needed to show you nearest parking to you.";
				INFOPLIST_KEY_NSPhotoLibraryUsageDescription = "This app requires access to the photo library.";
				INFOPLIST_KEY_UIApplicationSupportsIndirectInputEvents = YES;
				INFOPLIST_KEY_UILaunchStoryboardName = LaunchScreen;
				INFOPLIST_KEY_UIMainStoryboardFile = Auth;
				INFOPLIST_KEY_UISupportedInterfaceOrientations = UIInterfaceOrientationPortrait;
				INFOPLIST_KEY_UISupportedInterfaceOrientations_iPad = "UIInterfaceOrientationPortrait UIInterfaceOrientationPortraitUpsideDown UIInterfaceOrientationLandscapeLeft UIInterfaceOrientationLandscapeRight";
				INFOPLIST_KEY_UISupportedInterfaceOrientations_iPhone = "UIInterfaceOrientationPortrait UIInterfaceOrientationLandscapeLeft UIInterfaceOrientationLandscapeRight";
				IPHONEOS_DEPLOYMENT_TARGET = 14.4;
				LD_RUNPATH_SEARCH_PATHS = (
					"$(inherited)",
					"@executable_path/Frameworks",
				);
				MARKETING_VERSION = 1.0;
				PRODUCT_BUNDLE_IDENTIFIER = G3.QuickPark;
				PRODUCT_NAME = "$(TARGET_NAME)";
				SWIFT_EMIT_LOC_STRINGS = YES;
				SWIFT_VERSION = 5.0;
				TARGETED_DEVICE_FAMILY = 1;
			};
			name = Release;
		};
		04DD46C527A4621300342200 /* Debug */ = {
			isa = XCBuildConfiguration;
			baseConfigurationReference = 36CD72A8001F0AEED8AEF9AA /* Pods-QuickPark-QuickParkTests.debug.xcconfig */;
			buildSettings = {
				ALWAYS_EMBED_SWIFT_STANDARD_LIBRARIES = YES;
				BUNDLE_LOADER = "$(TEST_HOST)";
				CODE_SIGN_STYLE = Automatic;
				CURRENT_PROJECT_VERSION = 1;
				DEVELOPMENT_TEAM = 8XHA6PPHP7;
				GENERATE_INFOPLIST_FILE = YES;
				IPHONEOS_DEPLOYMENT_TARGET = 15.2;
				MARKETING_VERSION = 1.0;
				PRODUCT_BUNDLE_IDENTIFIER = G3.QuickParkTests;
				PRODUCT_NAME = "$(TARGET_NAME)";
				SWIFT_EMIT_LOC_STRINGS = NO;
				SWIFT_VERSION = 5.0;
				TARGETED_DEVICE_FAMILY = "1,2";
				TEST_HOST = "$(BUILT_PRODUCTS_DIR)/QuickPark.app/QuickPark";
			};
			name = Debug;
		};
		04DD46C627A4621300342200 /* Release */ = {
			isa = XCBuildConfiguration;
			baseConfigurationReference = FCE5C5917A1148E78C8197ED /* Pods-QuickPark-QuickParkTests.release.xcconfig */;
			buildSettings = {
				ALWAYS_EMBED_SWIFT_STANDARD_LIBRARIES = YES;
				BUNDLE_LOADER = "$(TEST_HOST)";
				CODE_SIGN_STYLE = Automatic;
				CURRENT_PROJECT_VERSION = 1;
				DEVELOPMENT_TEAM = 8XHA6PPHP7;
				GENERATE_INFOPLIST_FILE = YES;
				IPHONEOS_DEPLOYMENT_TARGET = 15.2;
				MARKETING_VERSION = 1.0;
				PRODUCT_BUNDLE_IDENTIFIER = G3.QuickParkTests;
				PRODUCT_NAME = "$(TARGET_NAME)";
				SWIFT_EMIT_LOC_STRINGS = NO;
				SWIFT_VERSION = 5.0;
				TARGETED_DEVICE_FAMILY = "1,2";
				TEST_HOST = "$(BUILT_PRODUCTS_DIR)/QuickPark.app/QuickPark";
			};
			name = Release;
		};
		04DD46C827A4621300342200 /* Debug */ = {
			isa = XCBuildConfiguration;
			baseConfigurationReference = 88D157D820121CDA58F7CDAB /* Pods-QuickPark-QuickParkUITests.debug.xcconfig */;
			buildSettings = {
				ALWAYS_EMBED_SWIFT_STANDARD_LIBRARIES = YES;
				CODE_SIGN_STYLE = Automatic;
				CURRENT_PROJECT_VERSION = 1;
				DEVELOPMENT_TEAM = 8XHA6PPHP7;
				GENERATE_INFOPLIST_FILE = YES;
				MARKETING_VERSION = 1.0;
				PRODUCT_BUNDLE_IDENTIFIER = G3.QuickParkUITests;
				PRODUCT_NAME = "$(TARGET_NAME)";
				SWIFT_EMIT_LOC_STRINGS = NO;
				SWIFT_VERSION = 5.0;
				TARGETED_DEVICE_FAMILY = "1,2";
				TEST_TARGET_NAME = QuickPark;
			};
			name = Debug;
		};
		04DD46C927A4621300342200 /* Release */ = {
			isa = XCBuildConfiguration;
			baseConfigurationReference = 8E12F9684092C5EB5D532BA4 /* Pods-QuickPark-QuickParkUITests.release.xcconfig */;
			buildSettings = {
				ALWAYS_EMBED_SWIFT_STANDARD_LIBRARIES = YES;
				CODE_SIGN_STYLE = Automatic;
				CURRENT_PROJECT_VERSION = 1;
				DEVELOPMENT_TEAM = 8XHA6PPHP7;
				GENERATE_INFOPLIST_FILE = YES;
				MARKETING_VERSION = 1.0;
				PRODUCT_BUNDLE_IDENTIFIER = G3.QuickParkUITests;
				PRODUCT_NAME = "$(TARGET_NAME)";
				SWIFT_EMIT_LOC_STRINGS = NO;
				SWIFT_VERSION = 5.0;
				TARGETED_DEVICE_FAMILY = "1,2";
				TEST_TARGET_NAME = QuickPark;
			};
			name = Release;
		};
/* End XCBuildConfiguration section */

/* Begin XCConfigurationList section */
		04DD469227A4621200342200 /* Build configuration list for PBXProject "QuickPark" */ = {
			isa = XCConfigurationList;
			buildConfigurations = (
				04DD46BF27A4621300342200 /* Debug */,
				04DD46C027A4621300342200 /* Release */,
			);
			defaultConfigurationIsVisible = 0;
			defaultConfigurationName = Release;
		};
		04DD46C127A4621300342200 /* Build configuration list for PBXNativeTarget "QuickPark" */ = {
			isa = XCConfigurationList;
			buildConfigurations = (
				04DD46C227A4621300342200 /* Debug */,
				04DD46C327A4621300342200 /* Release */,
			);
			defaultConfigurationIsVisible = 0;
			defaultConfigurationName = Release;
		};
		04DD46C427A4621300342200 /* Build configuration list for PBXNativeTarget "QuickParkTests" */ = {
			isa = XCConfigurationList;
			buildConfigurations = (
				04DD46C527A4621300342200 /* Debug */,
				04DD46C627A4621300342200 /* Release */,
			);
			defaultConfigurationIsVisible = 0;
			defaultConfigurationName = Release;
		};
		04DD46C727A4621300342200 /* Build configuration list for PBXNativeTarget "QuickParkUITests" */ = {
			isa = XCConfigurationList;
			buildConfigurations = (
				04DD46C827A4621300342200 /* Debug */,
				04DD46C927A4621300342200 /* Release */,
			);
			defaultConfigurationIsVisible = 0;
			defaultConfigurationName = Release;
		};
/* End XCConfigurationList section */
	};
	rootObject = 04DD468F27A4621200342200 /* Project object */;
}
