// !$*UTF8*$!
{
	archiveVersion = 1;
	classes = {
	};
	objectVersion = 55;
	objects = {

/* Begin PBXBuildFile section */
		0435947A27A9CA650035FF35 /* CustomCell.swift in Sources */ = {isa = PBXBuildFile; fileRef = 0435947927A9CA650035FF35 /* CustomCell.swift */; };
		04B4135327AC0CFF00C76023 /* Assets.xcassets in Resources */ = {isa = PBXBuildFile; fileRef = 04B4135227AC0CFF00C76023 /* Assets.xcassets */; };
		04DD469B27A4621200342200 /* AppDelegate.swift in Sources */ = {isa = PBXBuildFile; fileRef = 04DD469A27A4621200342200 /* AppDelegate.swift */; };
		04DD469D27A4621200342200 /* SceneDelegate.swift in Sources */ = {isa = PBXBuildFile; fileRef = 04DD469C27A4621200342200 /* SceneDelegate.swift */; };
		04DD469F27A4621200342200 /* ViewController.swift in Sources */ = {isa = PBXBuildFile; fileRef = 04DD469E27A4621200342200 /* ViewController.swift */; };
		04DD46A227A4621200342200 /* Main.storyboard in Resources */ = {isa = PBXBuildFile; fileRef = 04DD46A027A4621200342200 /* Main.storyboard */; };
		04DD46A727A4621300342200 /* LaunchScreen.storyboard in Resources */ = {isa = PBXBuildFile; fileRef = 04DD46A527A4621300342200 /* LaunchScreen.storyboard */; };
		04DD46B227A4621300342200 /* QuickParkTests.swift in Sources */ = {isa = PBXBuildFile; fileRef = 04DD46B127A4621300342200 /* QuickParkTests.swift */; };
		04DD46BC27A4621300342200 /* QuickParkUITests.swift in Sources */ = {isa = PBXBuildFile; fileRef = 04DD46BB27A4621300342200 /* QuickParkUITests.swift */; };
		04DD46BE27A4621300342200 /* QuickParkUITestsLaunchTests.swift in Sources */ = {isa = PBXBuildFile; fileRef = 04DD46BD27A4621300342200 /* QuickParkUITestsLaunchTests.swift */; };
		04F2CA4727AAA90500C636DD /* TabBarVC.swift in Sources */ = {isa = PBXBuildFile; fileRef = 04F2CA4627AAA90500C636DD /* TabBarVC.swift */; };
		1F342B1527A56D6A00493084 /* GoogleService-Info.plist in Resources */ = {isa = PBXBuildFile; fileRef = 1F342B1427A56D6A00493084 /* GoogleService-Info.plist */; };
		1F342B1627A56D6A00493084 /* GoogleService-Info.plist in Resources */ = {isa = PBXBuildFile; fileRef = 1F342B1427A56D6A00493084 /* GoogleService-Info.plist */; };
		1F342B1727A56D6A00493084 /* GoogleService-Info.plist in Resources */ = {isa = PBXBuildFile; fileRef = 1F342B1427A56D6A00493084 /* GoogleService-Info.plist */; };
		1F6847A327B954CB00D3CE1E /* ProfileViewController.swift in Sources */ = {isa = PBXBuildFile; fileRef = 1F6847A227B954CB00D3CE1E /* ProfileViewController.swift */; };
		1F6B27DB27B4EAD60086DD5E /* CustomTextField.swift in Sources */ = {isa = PBXBuildFile; fileRef = 1F6B27DA27B4EAD60086DD5E /* CustomTextField.swift */; };
		1FBA8A8527B87248000E6065 /* Area.swift in Sources */ = {isa = PBXBuildFile; fileRef = 1FBA8A8427B87248000E6065 /* Area.swift */; };
		1FBA8A8827B8746E000E6065 /* ConfirmAndPay.swift in Sources */ = {isa = PBXBuildFile; fileRef = 1FBA8A8727B8746E000E6065 /* ConfirmAndPay.swift */; };
		1FBA8A8A27B87782000E6065 /* User.swift in Sources */ = {isa = PBXBuildFile; fileRef = 1FBA8A8927B87782000E6065 /* User.swift */; };
		3BD1D4DDEFF9F67B7372195A /* Pods_QuickPark.framework in Frameworks */ = {isa = PBXBuildFile; fileRef = 4A00A6A2B387B56D3904BD93 /* Pods_QuickPark.framework */; };
		6EC6F7996FFD802C9185ACE9 /* Pods_QuickParkTests.framework in Frameworks */ = {isa = PBXBuildFile; fileRef = 4DDC3559D504F0DD8C6AF112 /* Pods_QuickParkTests.framework */; };
		ED08CCF069A3B5E6753C5BDD /* Pods_QuickPark_QuickParkUITests.framework in Frameworks */ = {isa = PBXBuildFile; fileRef = F175DF20F53E8ED5BD468F26 /* Pods_QuickPark_QuickParkUITests.framework */; };
/* End PBXBuildFile section */

/* Begin PBXContainerItemProxy section */
		04DD46AE27A4621300342200 /* PBXContainerItemProxy */ = {
			isa = PBXContainerItemProxy;
			containerPortal = 04DD468F27A4621200342200 /* Project object */;
			proxyType = 1;
			remoteGlobalIDString = 04DD469627A4621200342200;
			remoteInfo = QuickPark;
		};
		04DD46B827A4621300342200 /* PBXContainerItemProxy */ = {
			isa = PBXContainerItemProxy;
			containerPortal = 04DD468F27A4621200342200 /* Project object */;
			proxyType = 1;
			remoteGlobalIDString = 04DD469627A4621200342200;
			remoteInfo = QuickPark;
		};
/* End PBXContainerItemProxy section */

/* Begin PBXFileReference section */
		0435947927A9CA650035FF35 /* CustomCell.swift */ = {isa = PBXFileReference; lastKnownFileType = sourcecode.swift; path = CustomCell.swift; sourceTree = "<group>"; };
		04B4135227AC0CFF00C76023 /* Assets.xcassets */ = {isa = PBXFileReference; lastKnownFileType = folder.assetcatalog; path = Assets.xcassets; sourceTree = "<group>"; };
		04DD469727A4621200342200 /* QuickPark.app */ = {isa = PBXFileReference; explicitFileType = wrapper.application; includeInIndex = 0; path = QuickPark.app; sourceTree = BUILT_PRODUCTS_DIR; };
		04DD469A27A4621200342200 /* AppDelegate.swift */ = {isa = PBXFileReference; lastKnownFileType = sourcecode.swift; path = AppDelegate.swift; sourceTree = "<group>"; };
		04DD469C27A4621200342200 /* SceneDelegate.swift */ = {isa = PBXFileReference; lastKnownFileType = sourcecode.swift; path = SceneDelegate.swift; sourceTree = "<group>"; };
		04DD469E27A4621200342200 /* ViewController.swift */ = {isa = PBXFileReference; lastKnownFileType = sourcecode.swift; path = ViewController.swift; sourceTree = "<group>"; };
		04DD46A127A4621200342200 /* Base */ = {isa = PBXFileReference; lastKnownFileType = file.storyboard; name = Base; path = Base.lproj/Main.storyboard; sourceTree = "<group>"; };
		04DD46A627A4621300342200 /* Base */ = {isa = PBXFileReference; lastKnownFileType = file.storyboard; name = Base; path = Base.lproj/LaunchScreen.storyboard; sourceTree = "<group>"; };
		04DD46A827A4621300342200 /* Info.plist */ = {isa = PBXFileReference; lastKnownFileType = text.plist.xml; path = Info.plist; sourceTree = "<group>"; };
		04DD46AD27A4621300342200 /* QuickParkTests.xctest */ = {isa = PBXFileReference; explicitFileType = wrapper.cfbundle; includeInIndex = 0; path = QuickParkTests.xctest; sourceTree = BUILT_PRODUCTS_DIR; };
		04DD46B127A4621300342200 /* QuickParkTests.swift */ = {isa = PBXFileReference; lastKnownFileType = sourcecode.swift; path = QuickParkTests.swift; sourceTree = "<group>"; };
		04DD46B727A4621300342200 /* QuickParkUITests.xctest */ = {isa = PBXFileReference; explicitFileType = wrapper.cfbundle; includeInIndex = 0; path = QuickParkUITests.xctest; sourceTree = BUILT_PRODUCTS_DIR; };
		04DD46BB27A4621300342200 /* QuickParkUITests.swift */ = {isa = PBXFileReference; lastKnownFileType = sourcecode.swift; path = QuickParkUITests.swift; sourceTree = "<group>"; };
		04DD46BD27A4621300342200 /* QuickParkUITestsLaunchTests.swift */ = {isa = PBXFileReference; lastKnownFileType = sourcecode.swift; path = QuickParkUITestsLaunchTests.swift; sourceTree = "<group>"; };
		04F2CA4627AAA90500C636DD /* TabBarVC.swift */ = {isa = PBXFileReference; lastKnownFileType = sourcecode.swift; path = TabBarVC.swift; sourceTree = "<group>"; };
		1F342B1427A56D6A00493084 /* GoogleService-Info.plist */ = {isa = PBXFileReference; fileEncoding = 4; lastKnownFileType = text.plist.xml; path = "GoogleService-Info.plist"; sourceTree = "<group>"; };
		1F6847A227B954CB00D3CE1E /* ProfileViewController.swift */ = {isa = PBXFileReference; lastKnownFileType = sourcecode.swift; path = ProfileViewController.swift; sourceTree = "<group>"; };
		1F6B27DA27B4EAD60086DD5E /* CustomTextField.swift */ = {isa = PBXFileReference; lastKnownFileType = sourcecode.swift; path = CustomTextField.swift; sourceTree = "<group>"; };
		1FBA8A8427B87248000E6065 /* Area.swift */ = {isa = PBXFileReference; lastKnownFileType = sourcecode.swift; path = Area.swift; sourceTree = "<group>"; };
		1FBA8A8727B8746E000E6065 /* ConfirmAndPay.swift */ = {isa = PBXFileReference; lastKnownFileType = sourcecode.swift; path = ConfirmAndPay.swift; sourceTree = "<group>"; };
		1FBA8A8927B87782000E6065 /* User.swift */ = {isa = PBXFileReference; lastKnownFileType = sourcecode.swift; path = User.swift; sourceTree = "<group>"; };
		3F5F27C0CB7DE6030D0E20B1 /* Pods-QuickPark.release.xcconfig */ = {isa = PBXFileReference; includeInIndex = 1; lastKnownFileType = text.xcconfig; name = "Pods-QuickPark.release.xcconfig"; path = "Target Support Files/Pods-QuickPark/Pods-QuickPark.release.xcconfig"; sourceTree = "<group>"; };
		4A00A6A2B387B56D3904BD93 /* Pods_QuickPark.framework */ = {isa = PBXFileReference; explicitFileType = wrapper.framework; includeInIndex = 0; path = Pods_QuickPark.framework; sourceTree = BUILT_PRODUCTS_DIR; };
		4DDC3559D504F0DD8C6AF112 /* Pods_QuickParkTests.framework */ = {isa = PBXFileReference; explicitFileType = wrapper.framework; includeInIndex = 0; path = Pods_QuickParkTests.framework; sourceTree = BUILT_PRODUCTS_DIR; };
		88D157D820121CDA58F7CDAB /* Pods-QuickPark-QuickParkUITests.debug.xcconfig */ = {isa = PBXFileReference; includeInIndex = 1; lastKnownFileType = text.xcconfig; name = "Pods-QuickPark-QuickParkUITests.debug.xcconfig"; path = "Target Support Files/Pods-QuickPark-QuickParkUITests/Pods-QuickPark-QuickParkUITests.debug.xcconfig"; sourceTree = "<group>"; };
		8CF14C3F2E16B57B46117C4D /* Pods-QuickParkTests.release.xcconfig */ = {isa = PBXFileReference; includeInIndex = 1; lastKnownFileType = text.xcconfig; name = "Pods-QuickParkTests.release.xcconfig"; path = "Target Support Files/Pods-QuickParkTests/Pods-QuickParkTests.release.xcconfig"; sourceTree = "<group>"; };
		8E12F9684092C5EB5D532BA4 /* Pods-QuickPark-QuickParkUITests.release.xcconfig */ = {isa = PBXFileReference; includeInIndex = 1; lastKnownFileType = text.xcconfig; name = "Pods-QuickPark-QuickParkUITests.release.xcconfig"; path = "Target Support Files/Pods-QuickPark-QuickParkUITests/Pods-QuickPark-QuickParkUITests.release.xcconfig"; sourceTree = "<group>"; };
		C4D573FE1E7BF3A931F98B73 /* Pods-QuickPark.debug.xcconfig */ = {isa = PBXFileReference; includeInIndex = 1; lastKnownFileType = text.xcconfig; name = "Pods-QuickPark.debug.xcconfig"; path = "Target Support Files/Pods-QuickPark/Pods-QuickPark.debug.xcconfig"; sourceTree = "<group>"; };
		DEE26C2A1663C1B2E299610A /* Pods-QuickParkTests.debug.xcconfig */ = {isa = PBXFileReference; includeInIndex = 1; lastKnownFileType = text.xcconfig; name = "Pods-QuickParkTests.debug.xcconfig"; path = "Target Support Files/Pods-QuickParkTests/Pods-QuickParkTests.debug.xcconfig"; sourceTree = "<group>"; };
		F175DF20F53E8ED5BD468F26 /* Pods_QuickPark_QuickParkUITests.framework */ = {isa = PBXFileReference; explicitFileType = wrapper.framework; includeInIndex = 0; path = Pods_QuickPark_QuickParkUITests.framework; sourceTree = BUILT_PRODUCTS_DIR; };
/* End PBXFileReference section */

/* Begin PBXFrameworksBuildPhase section */
		04DD469427A4621200342200 /* Frameworks */ = {
			isa = PBXFrameworksBuildPhase;
			buildActionMask = 2147483647;
			files = (
				3BD1D4DDEFF9F67B7372195A /* Pods_QuickPark.framework in Frameworks */,
			);
			runOnlyForDeploymentPostprocessing = 0;
		};
		04DD46AA27A4621300342200 /* Frameworks */ = {
			isa = PBXFrameworksBuildPhase;
			buildActionMask = 2147483647;
			files = (
				6EC6F7996FFD802C9185ACE9 /* Pods_QuickParkTests.framework in Frameworks */,
			);
			runOnlyForDeploymentPostprocessing = 0;
		};
		04DD46B427A4621300342200 /* Frameworks */ = {
			isa = PBXFrameworksBuildPhase;
			buildActionMask = 2147483647;
			files = (
				ED08CCF069A3B5E6753C5BDD /* Pods_QuickPark_QuickParkUITests.framework in Frameworks */,
			);
			runOnlyForDeploymentPostprocessing = 0;
		};
/* End PBXFrameworksBuildPhase section */

/* Begin PBXGroup section */
		00C8239F40F3D7AE0B53AAD1 /* Pods */ = {
			isa = PBXGroup;
			children = (
				C4D573FE1E7BF3A931F98B73 /* Pods-QuickPark.debug.xcconfig */,
				3F5F27C0CB7DE6030D0E20B1 /* Pods-QuickPark.release.xcconfig */,
				88D157D820121CDA58F7CDAB /* Pods-QuickPark-QuickParkUITests.debug.xcconfig */,
				8E12F9684092C5EB5D532BA4 /* Pods-QuickPark-QuickParkUITests.release.xcconfig */,
				DEE26C2A1663C1B2E299610A /* Pods-QuickParkTests.debug.xcconfig */,
				8CF14C3F2E16B57B46117C4D /* Pods-QuickParkTests.release.xcconfig */,
			);
			path = Pods;
			sourceTree = "<group>";
		};
		04DD468E27A4621200342200 = {
			isa = PBXGroup;
			children = (
				04DD469927A4621200342200 /* QuickPark */,
				04DD46B027A4621300342200 /* QuickParkTests */,
				04DD46BA27A4621300342200 /* QuickParkUITests */,
				04DD469827A4621200342200 /* Products */,
				00C8239F40F3D7AE0B53AAD1 /* Pods */,
				83636CA8ABD1D981848DFD55 /* Frameworks */,
			);
			sourceTree = "<group>";
		};
		04DD469827A4621200342200 /* Products */ = {
			isa = PBXGroup;
			children = (
				04DD469727A4621200342200 /* QuickPark.app */,
				04DD46AD27A4621300342200 /* QuickParkTests.xctest */,
				04DD46B727A4621300342200 /* QuickParkUITests.xctest */,
			);
			name = Products;
			sourceTree = "<group>";
		};
		04DD469927A4621200342200 /* QuickPark */ = {
			isa = PBXGroup;
			children = (
				1FBA8A8627B87438000E6065 /* Model */,
				1F6B27D927B4EAA40086DD5E /* View */,
				1F6B27D827B4EA8A0086DD5E /* Controller */,
				04DD46A827A4621300342200 /* Info.plist */,
				1F342B1427A56D6A00493084 /* GoogleService-Info.plist */,
				04B4135227AC0CFF00C76023 /* Assets.xcassets */,
			);
			path = QuickPark;
			sourceTree = "<group>";
		};
		04DD46B027A4621300342200 /* QuickParkTests */ = {
			isa = PBXGroup;
			children = (
				04DD46B127A4621300342200 /* QuickParkTests.swift */,
			);
			path = QuickParkTests;
			sourceTree = "<group>";
		};
		04DD46BA27A4621300342200 /* QuickParkUITests */ = {
			isa = PBXGroup;
			children = (
				04DD46BB27A4621300342200 /* QuickParkUITests.swift */,
				04DD46BD27A4621300342200 /* QuickParkUITestsLaunchTests.swift */,
			);
			path = QuickParkUITests;
			sourceTree = "<group>";
		};
		1F6B27D827B4EA8A0086DD5E /* Controller */ = {
			isa = PBXGroup;
			children = (
				04DD469A27A4621200342200 /* AppDelegate.swift */,
				04DD469C27A4621200342200 /* SceneDelegate.swift */,
				04DD469E27A4621200342200 /* ViewController.swift */,
				0435947927A9CA650035FF35 /* CustomCell.swift */,
				04F2CA4627AAA90500C636DD /* TabBarVC.swift */,
				1F6B27DA27B4EAD60086DD5E /* CustomTextField.swift */,
				1F6847A227B954CB00D3CE1E /* ProfileViewController.swift */,
				1FBA8A8727B8746E000E6065 /* ConfirmAndPay.swift */,
			);
			path = Controller;
			sourceTree = "<group>";
		};
		1F6B27D927B4EAA40086DD5E /* View */ = {
			isa = PBXGroup;
			children = (
				04DD46A027A4621200342200 /* Main.storyboard */,
				04DD46A527A4621300342200 /* LaunchScreen.storyboard */,
			);
			path = View;
			sourceTree = "<group>";
		};
		1FBA8A8627B87438000E6065 /* Model */ = {
			isa = PBXGroup;
			children = (
				1FBA8A8427B87248000E6065 /* Area.swift */,
				1FBA8A8927B87782000E6065 /* User.swift */,
			);
			path = Model;
			sourceTree = "<group>";
		};
		83636CA8ABD1D981848DFD55 /* Frameworks */ = {
			isa = PBXGroup;
			children = (
				4A00A6A2B387B56D3904BD93 /* Pods_QuickPark.framework */,
				F175DF20F53E8ED5BD468F26 /* Pods_QuickPark_QuickParkUITests.framework */,
				4DDC3559D504F0DD8C6AF112 /* Pods_QuickParkTests.framework */,
			);
			name = Frameworks;
			sourceTree = "<group>";
		};
/* End PBXGroup section */

/* Begin PBXNativeTarget section */
		04DD469627A4621200342200 /* QuickPark */ = {
			isa = PBXNativeTarget;
			buildConfigurationList = 04DD46C127A4621300342200 /* Build configuration list for PBXNativeTarget "QuickPark" */;
			buildPhases = (
				442942EC73783FFA660A3816 /* [CP] Check Pods Manifest.lock */,
				04DD469327A4621200342200 /* Sources */,
				04DD469427A4621200342200 /* Frameworks */,
				04DD469527A4621200342200 /* Resources */,
				5152C09513D80E46E504DE42 /* [CP] Embed Pods Frameworks */,
			);
			buildRules = (
			);
			dependencies = (
			);
			name = QuickPark;
			productName = QuickPark;
			productReference = 04DD469727A4621200342200 /* QuickPark.app */;
			productType = "com.apple.product-type.application";
		};
		04DD46AC27A4621300342200 /* QuickParkTests */ = {
			isa = PBXNativeTarget;
			buildConfigurationList = 04DD46C427A4621300342200 /* Build configuration list for PBXNativeTarget "QuickParkTests" */;
			buildPhases = (
				06C0341019FE8373DCCA59D3 /* [CP] Check Pods Manifest.lock */,
				04DD46A927A4621300342200 /* Sources */,
				04DD46AA27A4621300342200 /* Frameworks */,
				04DD46AB27A4621300342200 /* Resources */,
				EC1CFE0029E079532DCB168C /* [CP] Embed Pods Frameworks */,
			);
			buildRules = (
			);
			dependencies = (
				04DD46AF27A4621300342200 /* PBXTargetDependency */,
			);
			name = QuickParkTests;
			productName = QuickParkTests;
			productReference = 04DD46AD27A4621300342200 /* QuickParkTests.xctest */;
			productType = "com.apple.product-type.bundle.unit-test";
		};
		04DD46B627A4621300342200 /* QuickParkUITests */ = {
			isa = PBXNativeTarget;
			buildConfigurationList = 04DD46C727A4621300342200 /* Build configuration list for PBXNativeTarget "QuickParkUITests" */;
			buildPhases = (
				59CF1317ACE729DB8B6A3A04 /* [CP] Check Pods Manifest.lock */,
				04DD46B327A4621300342200 /* Sources */,
				04DD46B427A4621300342200 /* Frameworks */,
				04DD46B527A4621300342200 /* Resources */,
				7A87A2110801A6C21C310014 /* [CP] Embed Pods Frameworks */,
			);
			buildRules = (
			);
			dependencies = (
				04DD46B927A4621300342200 /* PBXTargetDependency */,
			);
			name = QuickParkUITests;
			productName = QuickParkUITests;
			productReference = 04DD46B727A4621300342200 /* QuickParkUITests.xctest */;
			productType = "com.apple.product-type.bundle.ui-testing";
		};
/* End PBXNativeTarget section */

/* Begin PBXProject section */
		04DD468F27A4621200342200 /* Project object */ = {
			isa = PBXProject;
			attributes = {
				BuildIndependentTargetsInParallel = 1;
				LastSwiftUpdateCheck = 1320;
				LastUpgradeCheck = 1320;
				TargetAttributes = {
					04DD469627A4621200342200 = {
						CreatedOnToolsVersion = 13.2.1;
					};
					04DD46AC27A4621300342200 = {
						CreatedOnToolsVersion = 13.2.1;
						TestTargetID = 04DD469627A4621200342200;
					};
					04DD46B627A4621300342200 = {
						CreatedOnToolsVersion = 13.2.1;
						TestTargetID = 04DD469627A4621200342200;
					};
				};
			};
			buildConfigurationList = 04DD469227A4621200342200 /* Build configuration list for PBXProject "QuickPark" */;
			compatibilityVersion = "Xcode 13.0";
			developmentRegion = en;
			hasScannedForEncodings = 0;
			knownRegions = (
				en,
				Base,
			);
			mainGroup = 04DD468E27A4621200342200;
			productRefGroup = 04DD469827A4621200342200 /* Products */;
			projectDirPath = "";
			projectRoot = "";
			targets = (
				04DD469627A4621200342200 /* QuickPark */,
				04DD46AC27A4621300342200 /* QuickParkTests */,
				04DD46B627A4621300342200 /* QuickParkUITests */,
			);
		};
/* End PBXProject section */

/* Begin PBXResourcesBuildPhase section */
		04DD469527A4621200342200 /* Resources */ = {
			isa = PBXResourcesBuildPhase;
			buildActionMask = 2147483647;
			files = (
				04DD46A727A4621300342200 /* LaunchScreen.storyboard in Resources */,
				1F342B1527A56D6A00493084 /* GoogleService-Info.plist in Resources */,
				04B4135327AC0CFF00C76023 /* Assets.xcassets in Resources */,
				04DD46A227A4621200342200 /* Main.storyboard in Resources */,
			);
			runOnlyForDeploymentPostprocessing = 0;
		};
		04DD46AB27A4621300342200 /* Resources */ = {
			isa = PBXResourcesBuildPhase;
			buildActionMask = 2147483647;
			files = (
				1F342B1627A56D6A00493084 /* GoogleService-Info.plist in Resources */,
			);
			runOnlyForDeploymentPostprocessing = 0;
		};
		04DD46B527A4621300342200 /* Resources */ = {
			isa = PBXResourcesBuildPhase;
			buildActionMask = 2147483647;
			files = (
				1F342B1727A56D6A00493084 /* GoogleService-Info.plist in Resources */,
			);
			runOnlyForDeploymentPostprocessing = 0;
		};
/* End PBXResourcesBuildPhase section */

/* Begin PBXShellScriptBuildPhase section */
		06C0341019FE8373DCCA59D3 /* [CP] Check Pods Manifest.lock */ = {
			isa = PBXShellScriptBuildPhase;
			buildActionMask = 2147483647;
			files = (
			);
			inputFileListPaths = (
			);
			inputPaths = (
				"${PODS_PODFILE_DIR_PATH}/Podfile.lock",
				"${PODS_ROOT}/Manifest.lock",
			);
			name = "[CP] Check Pods Manifest.lock";
			outputFileListPaths = (
			);
			outputPaths = (
				"$(DERIVED_FILE_DIR)/Pods-QuickParkTests-checkManifestLockResult.txt",
			);
			runOnlyForDeploymentPostprocessing = 0;
			shellPath = /bin/sh;
			shellScript = "diff \"${PODS_PODFILE_DIR_PATH}/Podfile.lock\" \"${PODS_ROOT}/Manifest.lock\" > /dev/null\nif [ $? != 0 ] ; then\n    # print error to STDERR\n    echo \"error: The sandbox is not in sync with the Podfile.lock. Run 'pod install' or update your CocoaPods installation.\" >&2\n    exit 1\nfi\n# This output is used by Xcode 'outputs' to avoid re-running this script phase.\necho \"SUCCESS\" > \"${SCRIPT_OUTPUT_FILE_0}\"\n";
			showEnvVarsInLog = 0;
		};
		442942EC73783FFA660A3816 /* [CP] Check Pods Manifest.lock */ = {
			isa = PBXShellScriptBuildPhase;
			buildActionMask = 2147483647;
			files = (
			);
			inputFileListPaths = (
			);
			inputPaths = (
				"${PODS_PODFILE_DIR_PATH}/Podfile.lock",
				"${PODS_ROOT}/Manifest.lock",
			);
			name = "[CP] Check Pods Manifest.lock";
			outputFileListPaths = (
			);
			outputPaths = (
				"$(DERIVED_FILE_DIR)/Pods-QuickPark-checkManifestLockResult.txt",
			);
			runOnlyForDeploymentPostprocessing = 0;
			shellPath = /bin/sh;
			shellScript = "diff \"${PODS_PODFILE_DIR_PATH}/Podfile.lock\" \"${PODS_ROOT}/Manifest.lock\" > /dev/null\nif [ $? != 0 ] ; then\n    # print error to STDERR\n    echo \"error: The sandbox is not in sync with the Podfile.lock. Run 'pod install' or update your CocoaPods installation.\" >&2\n    exit 1\nfi\n# This output is used by Xcode 'outputs' to avoid re-running this script phase.\necho \"SUCCESS\" > \"${SCRIPT_OUTPUT_FILE_0}\"\n";
			showEnvVarsInLog = 0;
		};
		5152C09513D80E46E504DE42 /* [CP] Embed Pods Frameworks */ = {
			isa = PBXShellScriptBuildPhase;
			buildActionMask = 2147483647;
			files = (
			);
			inputFileListPaths = (
				"${PODS_ROOT}/Target Support Files/Pods-QuickPark/Pods-QuickPark-frameworks-${CONFIGURATION}-input-files.xcfilelist",
			);
			name = "[CP] Embed Pods Frameworks";
			outputFileListPaths = (
				"${PODS_ROOT}/Target Support Files/Pods-QuickPark/Pods-QuickPark-frameworks-${CONFIGURATION}-output-files.xcfilelist",
			);
			runOnlyForDeploymentPostprocessing = 0;
			shellPath = /bin/sh;
			shellScript = "\"${PODS_ROOT}/Target Support Files/Pods-QuickPark/Pods-QuickPark-frameworks.sh\"\n";
			showEnvVarsInLog = 0;
		};
		59CF1317ACE729DB8B6A3A04 /* [CP] Check Pods Manifest.lock */ = {
			isa = PBXShellScriptBuildPhase;
			buildActionMask = 2147483647;
			files = (
			);
			inputFileListPaths = (
			);
			inputPaths = (
				"${PODS_PODFILE_DIR_PATH}/Podfile.lock",
				"${PODS_ROOT}/Manifest.lock",
			);
			name = "[CP] Check Pods Manifest.lock";
			outputFileListPaths = (
			);
			outputPaths = (
				"$(DERIVED_FILE_DIR)/Pods-QuickPark-QuickParkUITests-checkManifestLockResult.txt",
			);
			runOnlyForDeploymentPostprocessing = 0;
			shellPath = /bin/sh;
			shellScript = "diff \"${PODS_PODFILE_DIR_PATH}/Podfile.lock\" \"${PODS_ROOT}/Manifest.lock\" > /dev/null\nif [ $? != 0 ] ; then\n    # print error to STDERR\n    echo \"error: The sandbox is not in sync with the Podfile.lock. Run 'pod install' or update your CocoaPods installation.\" >&2\n    exit 1\nfi\n# This output is used by Xcode 'outputs' to avoid re-running this script phase.\necho \"SUCCESS\" > \"${SCRIPT_OUTPUT_FILE_0}\"\n";
			showEnvVarsInLog = 0;
		};
		7A87A2110801A6C21C310014 /* [CP] Embed Pods Frameworks */ = {
			isa = PBXShellScriptBuildPhase;
			buildActionMask = 2147483647;
			files = (
			);
			inputFileListPaths = (
				"${PODS_ROOT}/Target Support Files/Pods-QuickPark-QuickParkUITests/Pods-QuickPark-QuickParkUITests-frameworks-${CONFIGURATION}-input-files.xcfilelist",
			);
			name = "[CP] Embed Pods Frameworks";
			outputFileListPaths = (
				"${PODS_ROOT}/Target Support Files/Pods-QuickPark-QuickParkUITests/Pods-QuickPark-QuickParkUITests-frameworks-${CONFIGURATION}-output-files.xcfilelist",
			);
			runOnlyForDeploymentPostprocessing = 0;
			shellPath = /bin/sh;
			shellScript = "\"${PODS_ROOT}/Target Support Files/Pods-QuickPark-QuickParkUITests/Pods-QuickPark-QuickParkUITests-frameworks.sh\"\n";
			showEnvVarsInLog = 0;
		};
		EC1CFE0029E079532DCB168C /* [CP] Embed Pods Frameworks */ = {
			isa = PBXShellScriptBuildPhase;
			buildActionMask = 2147483647;
			files = (
			);
			inputFileListPaths = (
				"${PODS_ROOT}/Target Support Files/Pods-QuickParkTests/Pods-QuickParkTests-frameworks-${CONFIGURATION}-input-files.xcfilelist",
			);
			name = "[CP] Embed Pods Frameworks";
			outputFileListPaths = (
				"${PODS_ROOT}/Target Support Files/Pods-QuickParkTests/Pods-QuickParkTests-frameworks-${CONFIGURATION}-output-files.xcfilelist",
			);
			runOnlyForDeploymentPostprocessing = 0;
			shellPath = /bin/sh;
			shellScript = "\"${PODS_ROOT}/Target Support Files/Pods-QuickParkTests/Pods-QuickParkTests-frameworks.sh\"\n";
			showEnvVarsInLog = 0;
		};
/* End PBXShellScriptBuildPhase section */

/* Begin PBXSourcesBuildPhase section */
		04DD469327A4621200342200 /* Sources */ = {
			isa = PBXSourcesBuildPhase;
			buildActionMask = 2147483647;
			files = (
				04DD469F27A4621200342200 /* ViewController.swift in Sources */,
				04DD469B27A4621200342200 /* AppDelegate.swift in Sources */,
				1F6847A327B954CB00D3CE1E /* ProfileViewController.swift in Sources */,
				1FBA8A8827B8746E000E6065 /* ConfirmAndPay.swift in Sources */,
				1F6B27DB27B4EAD60086DD5E /* CustomTextField.swift in Sources */,
				04F2CA4727AAA90500C636DD /* TabBarVC.swift in Sources */,
				0435947A27A9CA650035FF35 /* CustomCell.swift in Sources */,
				1FBA8A8527B87248000E6065 /* Area.swift in Sources */,
				1FBA8A8A27B87782000E6065 /* User.swift in Sources */,
				04DD469D27A4621200342200 /* SceneDelegate.swift in Sources */,
			);
			runOnlyForDeploymentPostprocessing = 0;
		};
		04DD46A927A4621300342200 /* Sources */ = {
			isa = PBXSourcesBuildPhase;
			buildActionMask = 2147483647;
			files = (
				04DD46B227A4621300342200 /* QuickParkTests.swift in Sources */,
			);
			runOnlyForDeploymentPostprocessing = 0;
		};
		04DD46B327A4621300342200 /* Sources */ = {
			isa = PBXSourcesBuildPhase;
			buildActionMask = 2147483647;
			files = (
				04DD46BE27A4621300342200 /* QuickParkUITestsLaunchTests.swift in Sources */,
				04DD46BC27A4621300342200 /* QuickParkUITests.swift in Sources */,
			);
			runOnlyForDeploymentPostprocessing = 0;
		};
/* End PBXSourcesBuildPhase section */

/* Begin PBXTargetDependency section */
		04DD46AF27A4621300342200 /* PBXTargetDependency */ = {
			isa = PBXTargetDependency;
			target = 04DD469627A4621200342200 /* QuickPark */;
			targetProxy = 04DD46AE27A4621300342200 /* PBXContainerItemProxy */;
		};
		04DD46B927A4621300342200 /* PBXTargetDependency */ = {
			isa = PBXTargetDependency;
			target = 04DD469627A4621200342200 /* QuickPark */;
			targetProxy = 04DD46B827A4621300342200 /* PBXContainerItemProxy */;
		};
/* End PBXTargetDependency section */

/* Begin PBXVariantGroup section */
		04DD46A027A4621200342200 /* Main.storyboard */ = {
			isa = PBXVariantGroup;
			children = (
				04DD46A127A4621200342200 /* Base */,
			);
			name = Main.storyboard;
			sourceTree = "<group>";
		};
		04DD46A527A4621300342200 /* LaunchScreen.storyboard */ = {
			isa = PBXVariantGroup;
			children = (
				04DD46A627A4621300342200 /* Base */,
			);
			name = LaunchScreen.storyboard;
			sourceTree = "<group>";
		};
/* End PBXVariantGroup section */

/* Begin XCBuildConfiguration section */
		04DD46BF27A4621300342200 /* Debug */ = {
			isa = XCBuildConfiguration;
			buildSettings = {
				ALWAYS_SEARCH_USER_PATHS = NO;
				CLANG_ANALYZER_NONNULL = YES;
				CLANG_ANALYZER_NUMBER_OBJECT_CONVERSION = YES_AGGRESSIVE;
				CLANG_CXX_LANGUAGE_STANDARD = "gnu++17";
				CLANG_CXX_LIBRARY = "libc++";
				CLANG_ENABLE_MODULES = YES;
				CLANG_ENABLE_OBJC_ARC = YES;
				CLANG_ENABLE_OBJC_WEAK = YES;
				CLANG_WARN_BLOCK_CAPTURE_AUTORELEASING = YES;
				CLANG_WARN_BOOL_CONVERSION = YES;
				CLANG_WARN_COMMA = YES;
				CLANG_WARN_CONSTANT_CONVERSION = YES;
				CLANG_WARN_DEPRECATED_OBJC_IMPLEMENTATIONS = YES;
				CLANG_WARN_DIRECT_OBJC_ISA_USAGE = YES_ERROR;
				CLANG_WARN_DOCUMENTATION_COMMENTS = YES;
				CLANG_WARN_EMPTY_BODY = YES;
				CLANG_WARN_ENUM_CONVERSION = YES;
				CLANG_WARN_INFINITE_RECURSION = YES;
				CLANG_WARN_INT_CONVERSION = YES;
				CLANG_WARN_NON_LITERAL_NULL_CONVERSION = YES;
				CLANG_WARN_OBJC_IMPLICIT_RETAIN_SELF = YES;
				CLANG_WARN_OBJC_LITERAL_CONVERSION = YES;
				CLANG_WARN_OBJC_ROOT_CLASS = YES_ERROR;
				CLANG_WARN_QUOTED_INCLUDE_IN_FRAMEWORK_HEADER = YES;
				CLANG_WARN_RANGE_LOOP_ANALYSIS = YES;
				CLANG_WARN_STRICT_PROTOTYPES = YES;
				CLANG_WARN_SUSPICIOUS_MOVE = YES;
				CLANG_WARN_UNGUARDED_AVAILABILITY = YES_AGGRESSIVE;
				CLANG_WARN_UNREACHABLE_CODE = YES;
				CLANG_WARN__DUPLICATE_METHOD_MATCH = YES;
				COPY_PHASE_STRIP = NO;
				DEBUG_INFORMATION_FORMAT = dwarf;
				ENABLE_STRICT_OBJC_MSGSEND = YES;
				ENABLE_TESTABILITY = YES;
				GCC_C_LANGUAGE_STANDARD = gnu11;
				GCC_DYNAMIC_NO_PIC = NO;
				GCC_NO_COMMON_BLOCKS = YES;
				GCC_OPTIMIZATION_LEVEL = 0;
				GCC_PREPROCESSOR_DEFINITIONS = (
					"DEBUG=1",
					"$(inherited)",
				);
				GCC_WARN_64_TO_32_BIT_CONVERSION = YES;
				GCC_WARN_ABOUT_RETURN_TYPE = YES_ERROR;
				GCC_WARN_UNDECLARED_SELECTOR = YES;
				GCC_WARN_UNINITIALIZED_AUTOS = YES_AGGRESSIVE;
				GCC_WARN_UNUSED_FUNCTION = YES;
				GCC_WARN_UNUSED_VARIABLE = YES;
				IPHONEOS_DEPLOYMENT_TARGET = 15.2;
				MTL_ENABLE_DEBUG_INFO = INCLUDE_SOURCE;
				MTL_FAST_MATH = YES;
				ONLY_ACTIVE_ARCH = YES;
				SDKROOT = iphoneos;
				SWIFT_ACTIVE_COMPILATION_CONDITIONS = DEBUG;
				SWIFT_OPTIMIZATION_LEVEL = "-Onone";
			};
			name = Debug;
		};
		04DD46C027A4621300342200 /* Release */ = {
			isa = XCBuildConfiguration;
			buildSettings = {
				ALWAYS_SEARCH_USER_PATHS = NO;
				CLANG_ANALYZER_NONNULL = YES;
				CLANG_ANALYZER_NUMBER_OBJECT_CONVERSION = YES_AGGRESSIVE;
				CLANG_CXX_LANGUAGE_STANDARD = "gnu++17";
				CLANG_CXX_LIBRARY = "libc++";
				CLANG_ENABLE_MODULES = YES;
				CLANG_ENABLE_OBJC_ARC = YES;
				CLANG_ENABLE_OBJC_WEAK = YES;
				CLANG_WARN_BLOCK_CAPTURE_AUTORELEASING = YES;
				CLANG_WARN_BOOL_CONVERSION = YES;
				CLANG_WARN_COMMA = YES;
				CLANG_WARN_CONSTANT_CONVERSION = YES;
				CLANG_WARN_DEPRECATED_OBJC_IMPLEMENTATIONS = YES;
				CLANG_WARN_DIRECT_OBJC_ISA_USAGE = YES_ERROR;
				CLANG_WARN_DOCUMENTATION_COMMENTS = YES;
				CLANG_WARN_EMPTY_BODY = YES;
				CLANG_WARN_ENUM_CONVERSION = YES;
				CLANG_WARN_INFINITE_RECURSION = YES;
				CLANG_WARN_INT_CONVERSION = YES;
				CLANG_WARN_NON_LITERAL_NULL_CONVERSION = YES;
				CLANG_WARN_OBJC_IMPLICIT_RETAIN_SELF = YES;
				CLANG_WARN_OBJC_LITERAL_CONVERSION = YES;
				CLANG_WARN_OBJC_ROOT_CLASS = YES_ERROR;
				CLANG_WARN_QUOTED_INCLUDE_IN_FRAMEWORK_HEADER = YES;
				CLANG_WARN_RANGE_LOOP_ANALYSIS = YES;
				CLANG_WARN_STRICT_PROTOTYPES = YES;
				CLANG_WARN_SUSPICIOUS_MOVE = YES;
				CLANG_WARN_UNGUARDED_AVAILABILITY = YES_AGGRESSIVE;
				CLANG_WARN_UNREACHABLE_CODE = YES;
				CLANG_WARN__DUPLICATE_METHOD_MATCH = YES;
				COPY_PHASE_STRIP = NO;
				DEBUG_INFORMATION_FORMAT = "dwarf-with-dsym";
				ENABLE_NS_ASSERTIONS = NO;
				ENABLE_STRICT_OBJC_MSGSEND = YES;
				GCC_C_LANGUAGE_STANDARD = gnu11;
				GCC_NO_COMMON_BLOCKS = YES;
				GCC_WARN_64_TO_32_BIT_CONVERSION = YES;
				GCC_WARN_ABOUT_RETURN_TYPE = YES_ERROR;
				GCC_WARN_UNDECLARED_SELECTOR = YES;
				GCC_WARN_UNINITIALIZED_AUTOS = YES_AGGRESSIVE;
				GCC_WARN_UNUSED_FUNCTION = YES;
				GCC_WARN_UNUSED_VARIABLE = YES;
				IPHONEOS_DEPLOYMENT_TARGET = 15.2;
				MTL_ENABLE_DEBUG_INFO = NO;
				MTL_FAST_MATH = YES;
				SDKROOT = iphoneos;
				SWIFT_COMPILATION_MODE = wholemodule;
				SWIFT_OPTIMIZATION_LEVEL = "-O";
				VALIDATE_PRODUCT = YES;
			};
			name = Release;
		};
		04DD46C227A4621300342200 /* Debug */ = {
			isa = XCBuildConfiguration;
			baseConfigurationReference = C4D573FE1E7BF3A931F98B73 /* Pods-QuickPark.debug.xcconfig */;
			buildSettings = {
				ASSETCATALOG_COMPILER_APPICON_NAME = AppIcon;
				ASSETCATALOG_COMPILER_GLOBAL_ACCENT_COLOR_NAME = AccentColor;
				CODE_SIGN_STYLE = Automatic;
				CURRENT_PROJECT_VERSION = 1;
				DEVELOPMENT_TEAM = 8XHA6PPHP7;
				GENERATE_INFOPLIST_FILE = YES;
				INFOPLIST_FILE = QuickPark/Info.plist;
				INFOPLIST_KEY_UIApplicationSupportsIndirectInputEvents = YES;
				INFOPLIST_KEY_UILaunchStoryboardName = LaunchScreen;
				INFOPLIST_KEY_UIMainStoryboardFile = Main;
				INFOPLIST_KEY_UISupportedInterfaceOrientations_iPad = "UIInterfaceOrientationPortrait UIInterfaceOrientationPortraitUpsideDown UIInterfaceOrientationLandscapeLeft UIInterfaceOrientationLandscapeRight";
				INFOPLIST_KEY_UISupportedInterfaceOrientations_iPhone = "UIInterfaceOrientationPortrait UIInterfaceOrientationLandscapeLeft UIInterfaceOrientationLandscapeRight";
				LD_RUNPATH_SEARCH_PATHS = (
					"$(inherited)",
					"@executable_path/Frameworks",
				);
				MARKETING_VERSION = 1.0;
				PRODUCT_BUNDLE_IDENTIFIER = G3.QuickPark;
				PRODUCT_NAME = "$(TARGET_NAME)";
				SWIFT_EMIT_LOC_STRINGS = YES;
				SWIFT_VERSION = 5.0;
				TARGETED_DEVICE_FAMILY = 1;
			};
			name = Debug;
		};
		04DD46C327A4621300342200 /* Release */ = {
			isa = XCBuildConfiguration;
			baseConfigurationReference = 3F5F27C0CB7DE6030D0E20B1 /* Pods-QuickPark.release.xcconfig */;
			buildSettings = {
				ASSETCATALOG_COMPILER_APPICON_NAME = AppIcon;
				ASSETCATALOG_COMPILER_GLOBAL_ACCENT_COLOR_NAME = AccentColor;
				CODE_SIGN_STYLE = Automatic;
				CURRENT_PROJECT_VERSION = 1;
				DEVELOPMENT_TEAM = 8XHA6PPHP7;
				GENERATE_INFOPLIST_FILE = YES;
				INFOPLIST_FILE = QuickPark/Info.plist;
				INFOPLIST_KEY_UIApplicationSupportsIndirectInputEvents = YES;
				INFOPLIST_KEY_UILaunchStoryboardName = LaunchScreen;
				INFOPLIST_KEY_UIMainStoryboardFile = Main;
				INFOPLIST_KEY_UISupportedInterfaceOrientations_iPad = "UIInterfaceOrientationPortrait UIInterfaceOrientationPortraitUpsideDown UIInterfaceOrientationLandscapeLeft UIInterfaceOrientationLandscapeRight";
				INFOPLIST_KEY_UISupportedInterfaceOrientations_iPhone = "UIInterfaceOrientationPortrait UIInterfaceOrientationLandscapeLeft UIInterfaceOrientationLandscapeRight";
				LD_RUNPATH_SEARCH_PATHS = (
					"$(inherited)",
					"@executable_path/Frameworks",
				);
				MARKETING_VERSION = 1.0;
				PRODUCT_BUNDLE_IDENTIFIER = G3.QuickPark;
				PRODUCT_NAME = "$(TARGET_NAME)";
				SWIFT_EMIT_LOC_STRINGS = YES;
				SWIFT_VERSION = 5.0;
				TARGETED_DEVICE_FAMILY = 1;
			};
			name = Release;
		};
		04DD46C527A4621300342200 /* Debug */ = {
			isa = XCBuildConfiguration;
			baseConfigurationReference = DEE26C2A1663C1B2E299610A /* Pods-QuickParkTests.debug.xcconfig */;
			buildSettings = {
				ALWAYS_EMBED_SWIFT_STANDARD_LIBRARIES = YES;
				BUNDLE_LOADER = "$(TEST_HOST)";
				CODE_SIGN_STYLE = Automatic;
				CURRENT_PROJECT_VERSION = 1;
				DEVELOPMENT_TEAM = 8XHA6PPHP7;
				GENERATE_INFOPLIST_FILE = YES;
				IPHONEOS_DEPLOYMENT_TARGET = 15.2;
				MARKETING_VERSION = 1.0;
				PRODUCT_BUNDLE_IDENTIFIER = G3.QuickParkTests;
				PRODUCT_NAME = "$(TARGET_NAME)";
				SWIFT_EMIT_LOC_STRINGS = NO;
				SWIFT_VERSION = 5.0;
				TARGETED_DEVICE_FAMILY = "1,2";
				TEST_HOST = "$(BUILT_PRODUCTS_DIR)/QuickPark.app/QuickPark";
			};
			name = Debug;
		};
		04DD46C627A4621300342200 /* Release */ = {
			isa = XCBuildConfiguration;
			baseConfigurationReference = 8CF14C3F2E16B57B46117C4D /* Pods-QuickParkTests.release.xcconfig */;
			buildSettings = {
				ALWAYS_EMBED_SWIFT_STANDARD_LIBRARIES = YES;
				BUNDLE_LOADER = "$(TEST_HOST)";
				CODE_SIGN_STYLE = Automatic;
				CURRENT_PROJECT_VERSION = 1;
				DEVELOPMENT_TEAM = 8XHA6PPHP7;
				GENERATE_INFOPLIST_FILE = YES;
				IPHONEOS_DEPLOYMENT_TARGET = 15.2;
				MARKETING_VERSION = 1.0;
				PRODUCT_BUNDLE_IDENTIFIER = G3.QuickParkTests;
				PRODUCT_NAME = "$(TARGET_NAME)";
				SWIFT_EMIT_LOC_STRINGS = NO;
				SWIFT_VERSION = 5.0;
				TARGETED_DEVICE_FAMILY = "1,2";
				TEST_HOST = "$(BUILT_PRODUCTS_DIR)/QuickPark.app/QuickPark";
			};
			name = Release;
		};
		04DD46C827A4621300342200 /* Debug */ = {
			isa = XCBuildConfiguration;
			baseConfigurationReference = 88D157D820121CDA58F7CDAB /* Pods-QuickPark-QuickParkUITests.debug.xcconfig */;
			buildSettings = {
				ALWAYS_EMBED_SWIFT_STANDARD_LIBRARIES = YES;
				CODE_SIGN_STYLE = Automatic;
				CURRENT_PROJECT_VERSION = 1;
				DEVELOPMENT_TEAM = 8XHA6PPHP7;
				GENERATE_INFOPLIST_FILE = YES;
				MARKETING_VERSION = 1.0;
				PRODUCT_BUNDLE_IDENTIFIER = G3.QuickParkUITests;
				PRODUCT_NAME = "$(TARGET_NAME)";
				SWIFT_EMIT_LOC_STRINGS = NO;
				SWIFT_VERSION = 5.0;
				TARGETED_DEVICE_FAMILY = "1,2";
				TEST_TARGET_NAME = QuickPark;
			};
			name = Debug;
		};
		04DD46C927A4621300342200 /* Release */ = {
			isa = XCBuildConfiguration;
			baseConfigurationReference = 8E12F9684092C5EB5D532BA4 /* Pods-QuickPark-QuickParkUITests.release.xcconfig */;
			buildSettings = {
				ALWAYS_EMBED_SWIFT_STANDARD_LIBRARIES = YES;
				CODE_SIGN_STYLE = Automatic;
				CURRENT_PROJECT_VERSION = 1;
				DEVELOPMENT_TEAM = 8XHA6PPHP7;
				GENERATE_INFOPLIST_FILE = YES;
				MARKETING_VERSION = 1.0;
				PRODUCT_BUNDLE_IDENTIFIER = G3.QuickParkUITests;
				PRODUCT_NAME = "$(TARGET_NAME)";
				SWIFT_EMIT_LOC_STRINGS = NO;
				SWIFT_VERSION = 5.0;
				TARGETED_DEVICE_FAMILY = "1,2";
				TEST_TARGET_NAME = QuickPark;
			};
			name = Release;
		};
/* End XCBuildConfiguration section */

/* Begin XCConfigurationList section */
		04DD469227A4621200342200 /* Build configuration list for PBXProject "QuickPark" */ = {
			isa = XCConfigurationList;
			buildConfigurations = (
				04DD46BF27A4621300342200 /* Debug */,
				04DD46C027A4621300342200 /* Release */,
			);
			defaultConfigurationIsVisible = 0;
			defaultConfigurationName = Release;
		};
		04DD46C127A4621300342200 /* Build configuration list for PBXNativeTarget "QuickPark" */ = {
			isa = XCConfigurationList;
			buildConfigurations = (
				04DD46C227A4621300342200 /* Debug */,
				04DD46C327A4621300342200 /* Release */,
			);
			defaultConfigurationIsVisible = 0;
			defaultConfigurationName = Release;
		};
		04DD46C427A4621300342200 /* Build configuration list for PBXNativeTarget "QuickParkTests" */ = {
			isa = XCConfigurationList;
			buildConfigurations = (
				04DD46C527A4621300342200 /* Debug */,
				04DD46C627A4621300342200 /* Release */,
			);
			defaultConfigurationIsVisible = 0;
			defaultConfigurationName = Release;
		};
		04DD46C727A4621300342200 /* Build configuration list for PBXNativeTarget "QuickParkUITests" */ = {
			isa = XCConfigurationList;
			buildConfigurations = (
				04DD46C827A4621300342200 /* Debug */,
				04DD46C927A4621300342200 /* Release */,
			);
			defaultConfigurationIsVisible = 0;
			defaultConfigurationName = Release;
		};
/* End XCConfigurationList section */
	};
	rootObject = 04DD468F27A4621200342200 /* Project object */;
}
